// !$*UTF8*$!
{
	archiveVersion = 1;
	classes = {
	};
	objectVersion = 46;
	objects = {

/* Begin PBXBuildFile section */
		292719D719F284AC009C308B /* AFHTTPRequestOperation.m in Sources */ = {isa = PBXBuildFile; fileRef = 2927193319F284AC009C308B /* AFHTTPRequestOperation.m */; };
		292719D819F284AC009C308B /* AFHTTPRequestOperationManager.m in Sources */ = {isa = PBXBuildFile; fileRef = 2927193519F284AC009C308B /* AFHTTPRequestOperationManager.m */; };
		292719D919F284AC009C308B /* AFHTTPSessionManager.m in Sources */ = {isa = PBXBuildFile; fileRef = 2927193719F284AC009C308B /* AFHTTPSessionManager.m */; };
		292719DA19F284AC009C308B /* AFNetworkReachabilityManager.m in Sources */ = {isa = PBXBuildFile; fileRef = 2927193A19F284AC009C308B /* AFNetworkReachabilityManager.m */; };
		292719DB19F284AC009C308B /* AFSecurityPolicy.m in Sources */ = {isa = PBXBuildFile; fileRef = 2927193C19F284AC009C308B /* AFSecurityPolicy.m */; };
		292719DC19F284AC009C308B /* AFURLConnectionOperation.m in Sources */ = {isa = PBXBuildFile; fileRef = 2927193E19F284AC009C308B /* AFURLConnectionOperation.m */; };
		292719DD19F284AC009C308B /* AFURLRequestSerialization.m in Sources */ = {isa = PBXBuildFile; fileRef = 2927194019F284AC009C308B /* AFURLRequestSerialization.m */; };
		292719DE19F284AC009C308B /* AFURLResponseSerialization.m in Sources */ = {isa = PBXBuildFile; fileRef = 2927194219F284AC009C308B /* AFURLResponseSerialization.m */; };
		292719DF19F284AC009C308B /* AFURLSessionManager.m in Sources */ = {isa = PBXBuildFile; fileRef = 2927194419F284AC009C308B /* AFURLSessionManager.m */; };
		292719E019F284AC009C308B /* AFNetworkActivityIndicatorManager.m in Sources */ = {isa = PBXBuildFile; fileRef = 2927194719F284AC009C308B /* AFNetworkActivityIndicatorManager.m */; };
		292719E119F284AC009C308B /* UIActivityIndicatorView+AFNetworking.m in Sources */ = {isa = PBXBuildFile; fileRef = 2927194919F284AC009C308B /* UIActivityIndicatorView+AFNetworking.m */; };
		292719E219F284AC009C308B /* UIAlertView+AFNetworking.m in Sources */ = {isa = PBXBuildFile; fileRef = 2927194B19F284AC009C308B /* UIAlertView+AFNetworking.m */; };
		292719E319F284AC009C308B /* UIButton+AFNetworking.m in Sources */ = {isa = PBXBuildFile; fileRef = 2927194D19F284AC009C308B /* UIButton+AFNetworking.m */; };
		292719E419F284AC009C308B /* UIImageView+AFNetworking.m in Sources */ = {isa = PBXBuildFile; fileRef = 2927194F19F284AC009C308B /* UIImageView+AFNetworking.m */; };
		292719E519F284AC009C308B /* UIProgressView+AFNetworking.m in Sources */ = {isa = PBXBuildFile; fileRef = 2927195219F284AC009C308B /* UIProgressView+AFNetworking.m */; };
		292719E619F284AC009C308B /* UIRefreshControl+AFNetworking.m in Sources */ = {isa = PBXBuildFile; fileRef = 2927195419F284AC009C308B /* UIRefreshControl+AFNetworking.m */; };
		292719E719F284AC009C308B /* UIWebView+AFNetworking.m in Sources */ = {isa = PBXBuildFile; fileRef = 2927195619F284AC009C308B /* UIWebView+AFNetworking.m */; };
		29271A2D19F284AC009C308B /* JSQSystemSoundPlayer.m in Sources */ = {isa = PBXBuildFile; fileRef = 292719D219F284AC009C308B /* JSQSystemSoundPlayer.m */; };
		2936D2521A557852001A5D5C /* FacebookSDK.framework in Frameworks */ = {isa = PBXBuildFile; fileRef = 2936D24D1A557852001A5D5C /* FacebookSDK.framework */; };
		2936D2531A557852001A5D5C /* Firebase.framework in Frameworks */ = {isa = PBXBuildFile; fileRef = 2936D24E1A557852001A5D5C /* Firebase.framework */; };
		2936D2541A557852001A5D5C /* Parse.framework in Frameworks */ = {isa = PBXBuildFile; fileRef = 2936D24F1A557852001A5D5C /* Parse.framework */; };
		2936D2551A557852001A5D5C /* ParseFacebookUtils.framework in Frameworks */ = {isa = PBXBuildFile; fileRef = 2936D2501A557852001A5D5C /* ParseFacebookUtils.framework */; };
		2936D2561A557852001A5D5C /* ParseUI.framework in Frameworks */ = {isa = PBXBuildFile; fileRef = 2936D2511A557852001A5D5C /* ParseUI.framework */; };
		2936D2581A55788E001A5D5C /* libsqlite3.dylib in Frameworks */ = {isa = PBXBuildFile; fileRef = 2936D2571A55788E001A5D5C /* libsqlite3.dylib */; };
		2936D25A1A557896001A5D5C /* libz.dylib in Frameworks */ = {isa = PBXBuildFile; fileRef = 2936D2591A557896001A5D5C /* libz.dylib */; };
		2936D25C1A55789E001A5D5C /* SystemConfiguration.framework in Frameworks */ = {isa = PBXBuildFile; fileRef = 2936D25B1A55789E001A5D5C /* SystemConfiguration.framework */; };
		2936D25E1A5578A5001A5D5C /* StoreKit.framework in Frameworks */ = {isa = PBXBuildFile; fileRef = 2936D25D1A5578A5001A5D5C /* StoreKit.framework */; };
		2936D2601A5578AC001A5D5C /* Security.framework in Frameworks */ = {isa = PBXBuildFile; fileRef = 2936D25F1A5578AC001A5D5C /* Security.framework */; };
		2936D2621A5578B4001A5D5C /* QuartzCore.framework in Frameworks */ = {isa = PBXBuildFile; fileRef = 2936D2611A5578B4001A5D5C /* QuartzCore.framework */; };
		2936D2641A5578BF001A5D5C /* MobileCoreServices.framework in Frameworks */ = {isa = PBXBuildFile; fileRef = 2936D2631A5578BF001A5D5C /* MobileCoreServices.framework */; };
		2936D2661A5578C5001A5D5C /* CoreLocation.framework in Frameworks */ = {isa = PBXBuildFile; fileRef = 2936D2651A5578C5001A5D5C /* CoreLocation.framework */; };
		2936D2681A5578CC001A5D5C /* CoreGraphics.framework in Frameworks */ = {isa = PBXBuildFile; fileRef = 2936D2671A5578CC001A5D5C /* CoreGraphics.framework */; };
		2936D26A1A5578D1001A5D5C /* CFNetwork.framework in Frameworks */ = {isa = PBXBuildFile; fileRef = 2936D2691A5578D1001A5D5C /* CFNetwork.framework */; };
		2936D26C1A5578D8001A5D5C /* AudioToolbox.framework in Frameworks */ = {isa = PBXBuildFile; fileRef = 2936D26B1A5578D8001A5D5C /* AudioToolbox.framework */; };
		2936D26E1A5578F8001A5D5C /* libicucore.dylib in Frameworks */ = {isa = PBXBuildFile; fileRef = 2936D26D1A5578F8001A5D5C /* libicucore.dylib */; };
		2936D2701A5578FF001A5D5C /* libc++.dylib in Frameworks */ = {isa = PBXBuildFile; fileRef = 2936D26F1A5578FF001A5D5C /* libc++.dylib */; };
		2936D2721A55790C001A5D5C /* Social.framework in Frameworks */ = {isa = PBXBuildFile; fileRef = 2936D2711A55790C001A5D5C /* Social.framework */; };
		295CC05C1A5573D10062FA65 /* JSQMessagesAssets.bundle in Resources */ = {isa = PBXBuildFile; fileRef = 295CBFF11A5573D10062FA65 /* JSQMessagesAssets.bundle */; };
		295CC05D1A5573D10062FA65 /* JSQMessages.strings in Resources */ = {isa = PBXBuildFile; fileRef = 295CBFF31A5573D10062FA65 /* JSQMessages.strings */; };
		295CC05E1A5573D10062FA65 /* JSQSystemSoundPlayer+JSQMessages.m in Sources */ = {isa = PBXBuildFile; fileRef = 295CC0051A5573D10062FA65 /* JSQSystemSoundPlayer+JSQMessages.m */; };
		295CC05F1A5573D10062FA65 /* NSString+JSQMessages.m in Sources */ = {isa = PBXBuildFile; fileRef = 295CC0071A5573D10062FA65 /* NSString+JSQMessages.m */; };
		295CC0601A5573D10062FA65 /* UIColor+JSQMessages.m in Sources */ = {isa = PBXBuildFile; fileRef = 295CC0091A5573D10062FA65 /* UIColor+JSQMessages.m */; };
		295CC0611A5573D10062FA65 /* UIDevice+JSQMessages.m in Sources */ = {isa = PBXBuildFile; fileRef = 295CC00B1A5573D10062FA65 /* UIDevice+JSQMessages.m */; };
		295CC0621A5573D10062FA65 /* UIImage+JSQMessages.m in Sources */ = {isa = PBXBuildFile; fileRef = 295CC00D1A5573D10062FA65 /* UIImage+JSQMessages.m */; };
		295CC0631A5573D10062FA65 /* UIView+JSQMessages.m in Sources */ = {isa = PBXBuildFile; fileRef = 295CC00F1A5573D10062FA65 /* UIView+JSQMessages.m */; };
		295CC0641A5573D10062FA65 /* JSQMessagesKeyboardController.m in Sources */ = {isa = PBXBuildFile; fileRef = 295CC0121A5573D10062FA65 /* JSQMessagesKeyboardController.m */; };
		295CC0651A5573D10062FA65 /* JSQMessagesViewController.m in Sources */ = {isa = PBXBuildFile; fileRef = 295CC0141A5573D10062FA65 /* JSQMessagesViewController.m */; };
		295CC0661A5573D10062FA65 /* JSQMessagesViewController.xib in Resources */ = {isa = PBXBuildFile; fileRef = 295CC0151A5573D10062FA65 /* JSQMessagesViewController.xib */; };
		295CC0671A5573D10062FA65 /* JSQMessagesAvatarImageFactory.m in Sources */ = {isa = PBXBuildFile; fileRef = 295CC0181A5573D10062FA65 /* JSQMessagesAvatarImageFactory.m */; };
		295CC0681A5573D10062FA65 /* JSQMessagesBubbleImageFactory.m in Sources */ = {isa = PBXBuildFile; fileRef = 295CC01A1A5573D10062FA65 /* JSQMessagesBubbleImageFactory.m */; };
		295CC0691A5573D10062FA65 /* JSQMessagesMediaViewBubbleImageMasker.m in Sources */ = {isa = PBXBuildFile; fileRef = 295CC01C1A5573D10062FA65 /* JSQMessagesMediaViewBubbleImageMasker.m */; };
		295CC06A1A5573D10062FA65 /* JSQMessagesTimestampFormatter.m in Sources */ = {isa = PBXBuildFile; fileRef = 295CC01E1A5573D10062FA65 /* JSQMessagesTimestampFormatter.m */; };
		295CC06B1A5573D10062FA65 /* JSQMessagesToolbarButtonFactory.m in Sources */ = {isa = PBXBuildFile; fileRef = 295CC0201A5573D10062FA65 /* JSQMessagesToolbarButtonFactory.m */; };
		295CC06C1A5573D10062FA65 /* JSQMessagesCollectionViewFlowLayout.m in Sources */ = {isa = PBXBuildFile; fileRef = 295CC0241A5573D10062FA65 /* JSQMessagesCollectionViewFlowLayout.m */; };
		295CC06D1A5573D10062FA65 /* JSQMessagesCollectionViewFlowLayoutInvalidationContext.m in Sources */ = {isa = PBXBuildFile; fileRef = 295CC0261A5573D10062FA65 /* JSQMessagesCollectionViewFlowLayoutInvalidationContext.m */; };
		295CC06E1A5573D10062FA65 /* JSQMessagesCollectionViewLayoutAttributes.m in Sources */ = {isa = PBXBuildFile; fileRef = 295CC0281A5573D10062FA65 /* JSQMessagesCollectionViewLayoutAttributes.m */; };
		295CC06F1A5573D10062FA65 /* JSQLocationMediaItem.m in Sources */ = {isa = PBXBuildFile; fileRef = 295CC02B1A5573D10062FA65 /* JSQLocationMediaItem.m */; };
		295CC0701A5573D10062FA65 /* JSQMediaItem.m in Sources */ = {isa = PBXBuildFile; fileRef = 295CC02D1A5573D10062FA65 /* JSQMediaItem.m */; };
		295CC0711A5573D10062FA65 /* JSQMessage.m in Sources */ = {isa = PBXBuildFile; fileRef = 295CC02F1A5573D10062FA65 /* JSQMessage.m */; };
		295CC0721A5573D10062FA65 /* JSQMessagesAvatarImage.m in Sources */ = {isa = PBXBuildFile; fileRef = 295CC0351A5573D10062FA65 /* JSQMessagesAvatarImage.m */; };
		295CC0731A5573D10062FA65 /* JSQMessagesBubbleImage.m in Sources */ = {isa = PBXBuildFile; fileRef = 295CC0371A5573D10062FA65 /* JSQMessagesBubbleImage.m */; };
		295CC0741A5573D10062FA65 /* JSQPhotoMediaItem.m in Sources */ = {isa = PBXBuildFile; fileRef = 295CC03B1A5573D10062FA65 /* JSQPhotoMediaItem.m */; };
		295CC0751A5573D10062FA65 /* JSQVideoMediaItem.m in Sources */ = {isa = PBXBuildFile; fileRef = 295CC03D1A5573D10062FA65 /* JSQVideoMediaItem.m */; };
		295CC0761A5573D10062FA65 /* JSQMessagesCellTextView.m in Sources */ = {isa = PBXBuildFile; fileRef = 295CC0401A5573D10062FA65 /* JSQMessagesCellTextView.m */; };
		295CC0771A5573D10062FA65 /* JSQMessagesCollectionView.m in Sources */ = {isa = PBXBuildFile; fileRef = 295CC0421A5573D10062FA65 /* JSQMessagesCollectionView.m */; };
		295CC0781A5573D10062FA65 /* JSQMessagesCollectionViewCell.m in Sources */ = {isa = PBXBuildFile; fileRef = 295CC0441A5573D10062FA65 /* JSQMessagesCollectionViewCell.m */; };
		295CC0791A5573D10062FA65 /* JSQMessagesCollectionViewCellIncoming.m in Sources */ = {isa = PBXBuildFile; fileRef = 295CC0461A5573D10062FA65 /* JSQMessagesCollectionViewCellIncoming.m */; };
		295CC07A1A5573D10062FA65 /* JSQMessagesCollectionViewCellIncoming.xib in Resources */ = {isa = PBXBuildFile; fileRef = 295CC0471A5573D10062FA65 /* JSQMessagesCollectionViewCellIncoming.xib */; };
		295CC07B1A5573D10062FA65 /* JSQMessagesCollectionViewCellOutgoing.m in Sources */ = {isa = PBXBuildFile; fileRef = 295CC0491A5573D10062FA65 /* JSQMessagesCollectionViewCellOutgoing.m */; };
		295CC07C1A5573D10062FA65 /* JSQMessagesCollectionViewCellOutgoing.xib in Resources */ = {isa = PBXBuildFile; fileRef = 295CC04A1A5573D10062FA65 /* JSQMessagesCollectionViewCellOutgoing.xib */; };
		295CC07D1A5573D10062FA65 /* JSQMessagesComposerTextView.m in Sources */ = {isa = PBXBuildFile; fileRef = 295CC04C1A5573D10062FA65 /* JSQMessagesComposerTextView.m */; };
		295CC07E1A5573D10062FA65 /* JSQMessagesInputToolbar.m in Sources */ = {isa = PBXBuildFile; fileRef = 295CC04E1A5573D10062FA65 /* JSQMessagesInputToolbar.m */; };
		295CC07F1A5573D10062FA65 /* JSQMessagesLabel.m in Sources */ = {isa = PBXBuildFile; fileRef = 295CC0501A5573D10062FA65 /* JSQMessagesLabel.m */; };
		295CC0801A5573D10062FA65 /* JSQMessagesLoadEarlierHeaderView.m in Sources */ = {isa = PBXBuildFile; fileRef = 295CC0521A5573D10062FA65 /* JSQMessagesLoadEarlierHeaderView.m */; };
		295CC0811A5573D10062FA65 /* JSQMessagesLoadEarlierHeaderView.xib in Resources */ = {isa = PBXBuildFile; fileRef = 295CC0531A5573D10062FA65 /* JSQMessagesLoadEarlierHeaderView.xib */; };
		295CC0821A5573D10062FA65 /* JSQMessagesMediaPlaceholderView.m in Sources */ = {isa = PBXBuildFile; fileRef = 295CC0551A5573D10062FA65 /* JSQMessagesMediaPlaceholderView.m */; };
		295CC0831A5573D10062FA65 /* JSQMessagesToolbarContentView.m in Sources */ = {isa = PBXBuildFile; fileRef = 295CC0571A5573D10062FA65 /* JSQMessagesToolbarContentView.m */; };
		295CC0841A5573D10062FA65 /* JSQMessagesToolbarContentView.xib in Resources */ = {isa = PBXBuildFile; fileRef = 295CC0581A5573D10062FA65 /* JSQMessagesToolbarContentView.xib */; };
		295CC0851A5573D10062FA65 /* JSQMessagesTypingIndicatorFooterView.m in Sources */ = {isa = PBXBuildFile; fileRef = 295CC05A1A5573D10062FA65 /* JSQMessagesTypingIndicatorFooterView.m */; };
		295CC0861A5573D10062FA65 /* JSQMessagesTypingIndicatorFooterView.xib in Resources */ = {isa = PBXBuildFile; fileRef = 295CC05B1A5573D10062FA65 /* JSQMessagesTypingIndicatorFooterView.xib */; };
		296DD5E81A1F557900AB9F8C /* ProgressHUD.bundle in Resources */ = {isa = PBXBuildFile; fileRef = 296DD5E51A1F557900AB9F8C /* ProgressHUD.bundle */; };
		296DD5E91A1F557900AB9F8C /* ProgressHUD.m in Sources */ = {isa = PBXBuildFile; fileRef = 296DD5E71A1F557900AB9F8C /* ProgressHUD.m */; };
		2999F3E71A3C3ECD00147194 /* NavigationController.m in Sources */ = {isa = PBXBuildFile; fileRef = 2999F3BD1A3C3ECD00147194 /* NavigationController.m */; };
		2999F3E81A3C3ECD00147194 /* ChatView.m in Sources */ = {isa = PBXBuildFile; fileRef = 2999F3C01A3C3ECD00147194 /* ChatView.m */; };
		2999F3E91A3C3ECD00147194 /* GroupView.m in Sources */ = {isa = PBXBuildFile; fileRef = 2999F3C41A3C3ECD00147194 /* GroupView.m */; };
		2999F3EA1A3C3ECD00147194 /* PrivateView.m in Sources */ = {isa = PBXBuildFile; fileRef = 2999F3C71A3C3ECD00147194 /* PrivateView.m */; };
		2999F3EB1A3C3ECD00147194 /* PrivateView.xib in Resources */ = {isa = PBXBuildFile; fileRef = 2999F3C81A3C3ECD00147194 /* PrivateView.xib */; };
		2999F3EC1A3C3ECD00147194 /* MessagesCell.m in Sources */ = {isa = PBXBuildFile; fileRef = 2999F3CB1A3C3ECD00147194 /* MessagesCell.m */; };
		2999F3ED1A3C3ECD00147194 /* MessagesCell.xib in Resources */ = {isa = PBXBuildFile; fileRef = 2999F3CC1A3C3ECD00147194 /* MessagesCell.xib */; };
		2999F3EE1A3C3ECD00147194 /* MessagesView.m in Sources */ = {isa = PBXBuildFile; fileRef = 2999F3CE1A3C3ECD00147194 /* MessagesView.m */; };
		2999F3EF1A3C3ECD00147194 /* MessagesView.xib in Resources */ = {isa = PBXBuildFile; fileRef = 2999F3CF1A3C3ECD00147194 /* MessagesView.xib */; };
		2999F3F01A3C3ECD00147194 /* ProfileView.m in Sources */ = {isa = PBXBuildFile; fileRef = 2999F3D21A3C3ECD00147194 /* ProfileView.m */; };
		2999F3F11A3C3ECD00147194 /* ProfileView.xib in Resources */ = {isa = PBXBuildFile; fileRef = 2999F3D31A3C3ECD00147194 /* ProfileView.xib */; };
		2999F3F21A3C3ECD00147194 /* LoginView.m in Sources */ = {isa = PBXBuildFile; fileRef = 2999F3D61A3C3ECD00147194 /* LoginView.m */; };
		2999F3F31A3C3ECD00147194 /* LoginView.xib in Resources */ = {isa = PBXBuildFile; fileRef = 2999F3D71A3C3ECD00147194 /* LoginView.xib */; };
		2999F3F41A3C3ECD00147194 /* RegisterView.m in Sources */ = {isa = PBXBuildFile; fileRef = 2999F3D91A3C3ECD00147194 /* RegisterView.m */; };
		2999F3F51A3C3ECD00147194 /* RegisterView.xib in Resources */ = {isa = PBXBuildFile; fileRef = 2999F3DA1A3C3ECD00147194 /* RegisterView.xib */; };
		2999F3F61A3C3ECD00147194 /* WelcomeView.m in Sources */ = {isa = PBXBuildFile; fileRef = 2999F3DC1A3C3ECD00147194 /* WelcomeView.m */; };
		2999F3F71A3C3ECD00147194 /* WelcomeView.xib in Resources */ = {isa = PBXBuildFile; fileRef = 2999F3DD1A3C3ECD00147194 /* WelcomeView.xib */; };
		2999F3F81A3C3ECD00147194 /* camera.m in Sources */ = {isa = PBXBuildFile; fileRef = 2999F3E01A3C3ECD00147194 /* camera.m */; };
		2999F3F91A3C3ECD00147194 /* messages.m in Sources */ = {isa = PBXBuildFile; fileRef = 2999F3E21A3C3ECD00147194 /* messages.m */; };
		2999F3FA1A3C3ECD00147194 /* pushnotification.m in Sources */ = {isa = PBXBuildFile; fileRef = 2999F3E41A3C3ECD00147194 /* pushnotification.m */; };
		2999F3FB1A3C3ECD00147194 /* utilities.m in Sources */ = {isa = PBXBuildFile; fileRef = 2999F3E61A3C3ECD00147194 /* utilities.m */; };
		29B6DDC71A3C3C5700D38CD9 /* chat_blank@2x.png in Resources */ = {isa = PBXBuildFile; fileRef = 29B6DDC01A3C3C5700D38CD9 /* chat_blank@2x.png */; };
		29B6DDC81A3C3C5700D38CD9 /* messages_blank@2x.png in Resources */ = {isa = PBXBuildFile; fileRef = 29B6DDC11A3C3C5700D38CD9 /* messages_blank@2x.png */; };
		29B6DDC91A3C3C5700D38CD9 /* profile_blank@2x.png in Resources */ = {isa = PBXBuildFile; fileRef = 29B6DDC21A3C3C5700D38CD9 /* profile_blank@2x.png */; };
		29B6DDCA1A3C3C5700D38CD9 /* tab_group@2x.png in Resources */ = {isa = PBXBuildFile; fileRef = 29B6DDC31A3C3C5700D38CD9 /* tab_group@2x.png */; };
		29B6DDCB1A3C3C5700D38CD9 /* tab_messages@2x.png in Resources */ = {isa = PBXBuildFile; fileRef = 29B6DDC41A3C3C5700D38CD9 /* tab_messages@2x.png */; };
		29B6DDCC1A3C3C5700D38CD9 /* tab_private@2x.png in Resources */ = {isa = PBXBuildFile; fileRef = 29B6DDC51A3C3C5700D38CD9 /* tab_private@2x.png */; };
		29B6DDCD1A3C3C5700D38CD9 /* tab_profile@2x.png in Resources */ = {isa = PBXBuildFile; fileRef = 29B6DDC61A3C3C5700D38CD9 /* tab_profile@2x.png */; };
		29EB240B19E9292500D7AA97 /* main.m in Sources */ = {isa = PBXBuildFile; fileRef = 29EB240A19E9292500D7AA97 /* main.m */; };
		29EB240E19E9292500D7AA97 /* AppDelegate.m in Sources */ = {isa = PBXBuildFile; fileRef = 29EB240D19E9292500D7AA97 /* AppDelegate.m */; };
		29EB241619E9292500D7AA97 /* Images.xcassets in Resources */ = {isa = PBXBuildFile; fileRef = 29EB241519E9292500D7AA97 /* Images.xcassets */; };
		29EB241919E9292500D7AA97 /* LaunchScreen.xib in Resources */ = {isa = PBXBuildFile; fileRef = 29EB241719E9292500D7AA97 /* LaunchScreen.xib */; };
/* End PBXBuildFile section */

/* Begin PBXFileReference section */
		2927193219F284AC009C308B /* AFHTTPRequestOperation.h */ = {isa = PBXFileReference; fileEncoding = 4; lastKnownFileType = sourcecode.c.h; path = AFHTTPRequestOperation.h; sourceTree = "<group>"; };
		2927193319F284AC009C308B /* AFHTTPRequestOperation.m */ = {isa = PBXFileReference; fileEncoding = 4; lastKnownFileType = sourcecode.c.objc; path = AFHTTPRequestOperation.m; sourceTree = "<group>"; };
		2927193419F284AC009C308B /* AFHTTPRequestOperationManager.h */ = {isa = PBXFileReference; fileEncoding = 4; lastKnownFileType = sourcecode.c.h; path = AFHTTPRequestOperationManager.h; sourceTree = "<group>"; };
		2927193519F284AC009C308B /* AFHTTPRequestOperationManager.m */ = {isa = PBXFileReference; fileEncoding = 4; lastKnownFileType = sourcecode.c.objc; path = AFHTTPRequestOperationManager.m; sourceTree = "<group>"; };
		2927193619F284AC009C308B /* AFHTTPSessionManager.h */ = {isa = PBXFileReference; fileEncoding = 4; lastKnownFileType = sourcecode.c.h; path = AFHTTPSessionManager.h; sourceTree = "<group>"; };
		2927193719F284AC009C308B /* AFHTTPSessionManager.m */ = {isa = PBXFileReference; fileEncoding = 4; lastKnownFileType = sourcecode.c.objc; path = AFHTTPSessionManager.m; sourceTree = "<group>"; };
		2927193819F284AC009C308B /* AFNetworking.h */ = {isa = PBXFileReference; fileEncoding = 4; lastKnownFileType = sourcecode.c.h; path = AFNetworking.h; sourceTree = "<group>"; };
		2927193919F284AC009C308B /* AFNetworkReachabilityManager.h */ = {isa = PBXFileReference; fileEncoding = 4; lastKnownFileType = sourcecode.c.h; path = AFNetworkReachabilityManager.h; sourceTree = "<group>"; };
		2927193A19F284AC009C308B /* AFNetworkReachabilityManager.m */ = {isa = PBXFileReference; fileEncoding = 4; lastKnownFileType = sourcecode.c.objc; path = AFNetworkReachabilityManager.m; sourceTree = "<group>"; };
		2927193B19F284AC009C308B /* AFSecurityPolicy.h */ = {isa = PBXFileReference; fileEncoding = 4; lastKnownFileType = sourcecode.c.h; path = AFSecurityPolicy.h; sourceTree = "<group>"; };
		2927193C19F284AC009C308B /* AFSecurityPolicy.m */ = {isa = PBXFileReference; fileEncoding = 4; lastKnownFileType = sourcecode.c.objc; path = AFSecurityPolicy.m; sourceTree = "<group>"; };
		2927193D19F284AC009C308B /* AFURLConnectionOperation.h */ = {isa = PBXFileReference; fileEncoding = 4; lastKnownFileType = sourcecode.c.h; path = AFURLConnectionOperation.h; sourceTree = "<group>"; };
		2927193E19F284AC009C308B /* AFURLConnectionOperation.m */ = {isa = PBXFileReference; fileEncoding = 4; lastKnownFileType = sourcecode.c.objc; path = AFURLConnectionOperation.m; sourceTree = "<group>"; };
		2927193F19F284AC009C308B /* AFURLRequestSerialization.h */ = {isa = PBXFileReference; fileEncoding = 4; lastKnownFileType = sourcecode.c.h; path = AFURLRequestSerialization.h; sourceTree = "<group>"; };
		2927194019F284AC009C308B /* AFURLRequestSerialization.m */ = {isa = PBXFileReference; fileEncoding = 4; lastKnownFileType = sourcecode.c.objc; path = AFURLRequestSerialization.m; sourceTree = "<group>"; };
		2927194119F284AC009C308B /* AFURLResponseSerialization.h */ = {isa = PBXFileReference; fileEncoding = 4; lastKnownFileType = sourcecode.c.h; path = AFURLResponseSerialization.h; sourceTree = "<group>"; };
		2927194219F284AC009C308B /* AFURLResponseSerialization.m */ = {isa = PBXFileReference; fileEncoding = 4; lastKnownFileType = sourcecode.c.objc; path = AFURLResponseSerialization.m; sourceTree = "<group>"; };
		2927194319F284AC009C308B /* AFURLSessionManager.h */ = {isa = PBXFileReference; fileEncoding = 4; lastKnownFileType = sourcecode.c.h; path = AFURLSessionManager.h; sourceTree = "<group>"; };
		2927194419F284AC009C308B /* AFURLSessionManager.m */ = {isa = PBXFileReference; fileEncoding = 4; lastKnownFileType = sourcecode.c.objc; path = AFURLSessionManager.m; sourceTree = "<group>"; };
		2927194619F284AC009C308B /* AFNetworkActivityIndicatorManager.h */ = {isa = PBXFileReference; fileEncoding = 4; lastKnownFileType = sourcecode.c.h; path = AFNetworkActivityIndicatorManager.h; sourceTree = "<group>"; };
		2927194719F284AC009C308B /* AFNetworkActivityIndicatorManager.m */ = {isa = PBXFileReference; fileEncoding = 4; lastKnownFileType = sourcecode.c.objc; path = AFNetworkActivityIndicatorManager.m; sourceTree = "<group>"; };
		2927194819F284AC009C308B /* UIActivityIndicatorView+AFNetworking.h */ = {isa = PBXFileReference; fileEncoding = 4; lastKnownFileType = sourcecode.c.h; path = "UIActivityIndicatorView+AFNetworking.h"; sourceTree = "<group>"; };
		2927194919F284AC009C308B /* UIActivityIndicatorView+AFNetworking.m */ = {isa = PBXFileReference; fileEncoding = 4; lastKnownFileType = sourcecode.c.objc; path = "UIActivityIndicatorView+AFNetworking.m"; sourceTree = "<group>"; };
		2927194A19F284AC009C308B /* UIAlertView+AFNetworking.h */ = {isa = PBXFileReference; fileEncoding = 4; lastKnownFileType = sourcecode.c.h; path = "UIAlertView+AFNetworking.h"; sourceTree = "<group>"; };
		2927194B19F284AC009C308B /* UIAlertView+AFNetworking.m */ = {isa = PBXFileReference; fileEncoding = 4; lastKnownFileType = sourcecode.c.objc; path = "UIAlertView+AFNetworking.m"; sourceTree = "<group>"; };
		2927194C19F284AC009C308B /* UIButton+AFNetworking.h */ = {isa = PBXFileReference; fileEncoding = 4; lastKnownFileType = sourcecode.c.h; path = "UIButton+AFNetworking.h"; sourceTree = "<group>"; };
		2927194D19F284AC009C308B /* UIButton+AFNetworking.m */ = {isa = PBXFileReference; fileEncoding = 4; lastKnownFileType = sourcecode.c.objc; path = "UIButton+AFNetworking.m"; sourceTree = "<group>"; };
		2927194E19F284AC009C308B /* UIImageView+AFNetworking.h */ = {isa = PBXFileReference; fileEncoding = 4; lastKnownFileType = sourcecode.c.h; path = "UIImageView+AFNetworking.h"; sourceTree = "<group>"; };
		2927194F19F284AC009C308B /* UIImageView+AFNetworking.m */ = {isa = PBXFileReference; fileEncoding = 4; lastKnownFileType = sourcecode.c.objc; path = "UIImageView+AFNetworking.m"; sourceTree = "<group>"; };
		2927195019F284AC009C308B /* UIKit+AFNetworking.h */ = {isa = PBXFileReference; fileEncoding = 4; lastKnownFileType = sourcecode.c.h; path = "UIKit+AFNetworking.h"; sourceTree = "<group>"; };
		2927195119F284AC009C308B /* UIProgressView+AFNetworking.h */ = {isa = PBXFileReference; fileEncoding = 4; lastKnownFileType = sourcecode.c.h; path = "UIProgressView+AFNetworking.h"; sourceTree = "<group>"; };
		2927195219F284AC009C308B /* UIProgressView+AFNetworking.m */ = {isa = PBXFileReference; fileEncoding = 4; lastKnownFileType = sourcecode.c.objc; path = "UIProgressView+AFNetworking.m"; sourceTree = "<group>"; };
		2927195319F284AC009C308B /* UIRefreshControl+AFNetworking.h */ = {isa = PBXFileReference; fileEncoding = 4; lastKnownFileType = sourcecode.c.h; path = "UIRefreshControl+AFNetworking.h"; sourceTree = "<group>"; };
		2927195419F284AC009C308B /* UIRefreshControl+AFNetworking.m */ = {isa = PBXFileReference; fileEncoding = 4; lastKnownFileType = sourcecode.c.objc; path = "UIRefreshControl+AFNetworking.m"; sourceTree = "<group>"; };
		2927195519F284AC009C308B /* UIWebView+AFNetworking.h */ = {isa = PBXFileReference; fileEncoding = 4; lastKnownFileType = sourcecode.c.h; path = "UIWebView+AFNetworking.h"; sourceTree = "<group>"; };
		2927195619F284AC009C308B /* UIWebView+AFNetworking.m */ = {isa = PBXFileReference; fileEncoding = 4; lastKnownFileType = sourcecode.c.objc; path = "UIWebView+AFNetworking.m"; sourceTree = "<group>"; };
		292719D119F284AC009C308B /* JSQSystemSoundPlayer.h */ = {isa = PBXFileReference; fileEncoding = 4; lastKnownFileType = sourcecode.c.h; path = JSQSystemSoundPlayer.h; sourceTree = "<group>"; };
		292719D219F284AC009C308B /* JSQSystemSoundPlayer.m */ = {isa = PBXFileReference; fileEncoding = 4; lastKnownFileType = sourcecode.c.objc; path = JSQSystemSoundPlayer.m; sourceTree = "<group>"; };
		2936D24D1A557852001A5D5C /* FacebookSDK.framework */ = {isa = PBXFileReference; lastKnownFileType = wrapper.framework; path = FacebookSDK.framework; sourceTree = "<group>"; };
		2936D24E1A557852001A5D5C /* Firebase.framework */ = {isa = PBXFileReference; lastKnownFileType = wrapper.framework; path = Firebase.framework; sourceTree = "<group>"; };
		2936D24F1A557852001A5D5C /* Parse.framework */ = {isa = PBXFileReference; lastKnownFileType = wrapper.framework; path = Parse.framework; sourceTree = "<group>"; };
		2936D2501A557852001A5D5C /* ParseFacebookUtils.framework */ = {isa = PBXFileReference; lastKnownFileType = wrapper.framework; path = ParseFacebookUtils.framework; sourceTree = "<group>"; };
		2936D2511A557852001A5D5C /* ParseUI.framework */ = {isa = PBXFileReference; lastKnownFileType = wrapper.framework; path = ParseUI.framework; sourceTree = "<group>"; };
		2936D2571A55788E001A5D5C /* libsqlite3.dylib */ = {isa = PBXFileReference; lastKnownFileType = "compiled.mach-o.dylib"; name = libsqlite3.dylib; path = usr/lib/libsqlite3.dylib; sourceTree = SDKROOT; };
		2936D2591A557896001A5D5C /* libz.dylib */ = {isa = PBXFileReference; lastKnownFileType = "compiled.mach-o.dylib"; name = libz.dylib; path = usr/lib/libz.dylib; sourceTree = SDKROOT; };
		2936D25B1A55789E001A5D5C /* SystemConfiguration.framework */ = {isa = PBXFileReference; lastKnownFileType = wrapper.framework; name = SystemConfiguration.framework; path = System/Library/Frameworks/SystemConfiguration.framework; sourceTree = SDKROOT; };
		2936D25D1A5578A5001A5D5C /* StoreKit.framework */ = {isa = PBXFileReference; lastKnownFileType = wrapper.framework; name = StoreKit.framework; path = System/Library/Frameworks/StoreKit.framework; sourceTree = SDKROOT; };
		2936D25F1A5578AC001A5D5C /* Security.framework */ = {isa = PBXFileReference; lastKnownFileType = wrapper.framework; name = Security.framework; path = System/Library/Frameworks/Security.framework; sourceTree = SDKROOT; };
		2936D2611A5578B4001A5D5C /* QuartzCore.framework */ = {isa = PBXFileReference; lastKnownFileType = wrapper.framework; name = QuartzCore.framework; path = System/Library/Frameworks/QuartzCore.framework; sourceTree = SDKROOT; };
		2936D2631A5578BF001A5D5C /* MobileCoreServices.framework */ = {isa = PBXFileReference; lastKnownFileType = wrapper.framework; name = MobileCoreServices.framework; path = System/Library/Frameworks/MobileCoreServices.framework; sourceTree = SDKROOT; };
		2936D2651A5578C5001A5D5C /* CoreLocation.framework */ = {isa = PBXFileReference; lastKnownFileType = wrapper.framework; name = CoreLocation.framework; path = System/Library/Frameworks/CoreLocation.framework; sourceTree = SDKROOT; };
		2936D2671A5578CC001A5D5C /* CoreGraphics.framework */ = {isa = PBXFileReference; lastKnownFileType = wrapper.framework; name = CoreGraphics.framework; path = System/Library/Frameworks/CoreGraphics.framework; sourceTree = SDKROOT; };
		2936D2691A5578D1001A5D5C /* CFNetwork.framework */ = {isa = PBXFileReference; lastKnownFileType = wrapper.framework; name = CFNetwork.framework; path = System/Library/Frameworks/CFNetwork.framework; sourceTree = SDKROOT; };
		2936D26B1A5578D8001A5D5C /* AudioToolbox.framework */ = {isa = PBXFileReference; lastKnownFileType = wrapper.framework; name = AudioToolbox.framework; path = System/Library/Frameworks/AudioToolbox.framework; sourceTree = SDKROOT; };
		2936D26D1A5578F8001A5D5C /* libicucore.dylib */ = {isa = PBXFileReference; lastKnownFileType = "compiled.mach-o.dylib"; name = libicucore.dylib; path = usr/lib/libicucore.dylib; sourceTree = SDKROOT; };
		2936D26F1A5578FF001A5D5C /* libc++.dylib */ = {isa = PBXFileReference; lastKnownFileType = "compiled.mach-o.dylib"; name = "libc++.dylib"; path = "usr/lib/libc++.dylib"; sourceTree = SDKROOT; };
		2936D2711A55790C001A5D5C /* Social.framework */ = {isa = PBXFileReference; lastKnownFileType = wrapper.framework; name = Social.framework; path = System/Library/Frameworks/Social.framework; sourceTree = SDKROOT; };
		295CBFF11A5573D10062FA65 /* JSQMessagesAssets.bundle */ = {isa = PBXFileReference; lastKnownFileType = "wrapper.plug-in"; path = JSQMessagesAssets.bundle; sourceTree = "<group>"; };
		295CBFF41A5573D10062FA65 /* Base */ = {isa = PBXFileReference; lastKnownFileType = text.plist.strings; name = Base; path = Base.lproj/JSQMessages.strings; sourceTree = "<group>"; };
		295CBFF51A5573D10062FA65 /* de */ = {isa = PBXFileReference; lastKnownFileType = text.plist.strings; name = de; path = de.lproj/JSQMessages.strings; sourceTree = "<group>"; };
		295CBFF61A5573D10062FA65 /* en */ = {isa = PBXFileReference; lastKnownFileType = text.plist.strings; name = en; path = en.lproj/JSQMessages.strings; sourceTree = "<group>"; };
		295CBFF71A5573D10062FA65 /* es */ = {isa = PBXFileReference; lastKnownFileType = text.plist.strings; name = es; path = es.lproj/JSQMessages.strings; sourceTree = "<group>"; };
		295CBFF81A5573D10062FA65 /* fr */ = {isa = PBXFileReference; lastKnownFileType = text.plist.strings; name = fr; path = fr.lproj/JSQMessages.strings; sourceTree = "<group>"; };
		295CBFF91A5573D10062FA65 /* he */ = {isa = PBXFileReference; lastKnownFileType = text.plist.strings; name = he; path = he.lproj/JSQMessages.strings; sourceTree = "<group>"; };
		295CBFFA1A5573D10062FA65 /* it */ = {isa = PBXFileReference; lastKnownFileType = text.plist.strings; name = it; path = it.lproj/JSQMessages.strings; sourceTree = "<group>"; };
		295CBFFB1A5573D10062FA65 /* nl */ = {isa = PBXFileReference; lastKnownFileType = text.plist.strings; name = nl; path = nl.lproj/JSQMessages.strings; sourceTree = "<group>"; };
		295CBFFC1A5573D10062FA65 /* pl */ = {isa = PBXFileReference; lastKnownFileType = text.plist.strings; name = pl; path = pl.lproj/JSQMessages.strings; sourceTree = "<group>"; };
		295CBFFD1A5573D10062FA65 /* pt */ = {isa = PBXFileReference; lastKnownFileType = text.plist.strings; name = pt; path = pt.lproj/JSQMessages.strings; sourceTree = "<group>"; };
		295CBFFE1A5573D10062FA65 /* ro */ = {isa = PBXFileReference; lastKnownFileType = text.plist.strings; name = ro; path = ro.lproj/JSQMessages.strings; sourceTree = "<group>"; };
		295CBFFF1A5573D10062FA65 /* ru */ = {isa = PBXFileReference; lastKnownFileType = text.plist.strings; name = ru; path = ru.lproj/JSQMessages.strings; sourceTree = "<group>"; };
		295CC0001A5573D10062FA65 /* tr */ = {isa = PBXFileReference; lastKnownFileType = text.plist.strings; name = tr; path = tr.lproj/JSQMessages.strings; sourceTree = "<group>"; };
		295CC0011A5573D10062FA65 /* zh-Hans */ = {isa = PBXFileReference; lastKnownFileType = text.plist.strings; name = "zh-Hans"; path = "zh-Hans.lproj/JSQMessages.strings"; sourceTree = "<group>"; };
		295CC0021A5573D10062FA65 /* zh-Hant */ = {isa = PBXFileReference; lastKnownFileType = text.plist.strings; name = "zh-Hant"; path = "zh-Hant.lproj/JSQMessages.strings"; sourceTree = "<group>"; };
		295CC0041A5573D10062FA65 /* JSQSystemSoundPlayer+JSQMessages.h */ = {isa = PBXFileReference; fileEncoding = 4; lastKnownFileType = sourcecode.c.h; path = "JSQSystemSoundPlayer+JSQMessages.h"; sourceTree = "<group>"; };
		295CC0051A5573D10062FA65 /* JSQSystemSoundPlayer+JSQMessages.m */ = {isa = PBXFileReference; fileEncoding = 4; lastKnownFileType = sourcecode.c.objc; path = "JSQSystemSoundPlayer+JSQMessages.m"; sourceTree = "<group>"; };
		295CC0061A5573D10062FA65 /* NSString+JSQMessages.h */ = {isa = PBXFileReference; fileEncoding = 4; lastKnownFileType = sourcecode.c.h; path = "NSString+JSQMessages.h"; sourceTree = "<group>"; };
		295CC0071A5573D10062FA65 /* NSString+JSQMessages.m */ = {isa = PBXFileReference; fileEncoding = 4; lastKnownFileType = sourcecode.c.objc; path = "NSString+JSQMessages.m"; sourceTree = "<group>"; };
		295CC0081A5573D10062FA65 /* UIColor+JSQMessages.h */ = {isa = PBXFileReference; fileEncoding = 4; lastKnownFileType = sourcecode.c.h; path = "UIColor+JSQMessages.h"; sourceTree = "<group>"; };
		295CC0091A5573D10062FA65 /* UIColor+JSQMessages.m */ = {isa = PBXFileReference; fileEncoding = 4; lastKnownFileType = sourcecode.c.objc; path = "UIColor+JSQMessages.m"; sourceTree = "<group>"; };
		295CC00A1A5573D10062FA65 /* UIDevice+JSQMessages.h */ = {isa = PBXFileReference; fileEncoding = 4; lastKnownFileType = sourcecode.c.h; path = "UIDevice+JSQMessages.h"; sourceTree = "<group>"; };
		295CC00B1A5573D10062FA65 /* UIDevice+JSQMessages.m */ = {isa = PBXFileReference; fileEncoding = 4; lastKnownFileType = sourcecode.c.objc; path = "UIDevice+JSQMessages.m"; sourceTree = "<group>"; };
		295CC00C1A5573D10062FA65 /* UIImage+JSQMessages.h */ = {isa = PBXFileReference; fileEncoding = 4; lastKnownFileType = sourcecode.c.h; path = "UIImage+JSQMessages.h"; sourceTree = "<group>"; };
		295CC00D1A5573D10062FA65 /* UIImage+JSQMessages.m */ = {isa = PBXFileReference; fileEncoding = 4; lastKnownFileType = sourcecode.c.objc; path = "UIImage+JSQMessages.m"; sourceTree = "<group>"; };
		295CC00E1A5573D10062FA65 /* UIView+JSQMessages.h */ = {isa = PBXFileReference; fileEncoding = 4; lastKnownFileType = sourcecode.c.h; path = "UIView+JSQMessages.h"; sourceTree = "<group>"; };
		295CC00F1A5573D10062FA65 /* UIView+JSQMessages.m */ = {isa = PBXFileReference; fileEncoding = 4; lastKnownFileType = sourcecode.c.objc; path = "UIView+JSQMessages.m"; sourceTree = "<group>"; };
		295CC0111A5573D10062FA65 /* JSQMessagesKeyboardController.h */ = {isa = PBXFileReference; fileEncoding = 4; lastKnownFileType = sourcecode.c.h; path = JSQMessagesKeyboardController.h; sourceTree = "<group>"; };
		295CC0121A5573D10062FA65 /* JSQMessagesKeyboardController.m */ = {isa = PBXFileReference; fileEncoding = 4; lastKnownFileType = sourcecode.c.objc; path = JSQMessagesKeyboardController.m; sourceTree = "<group>"; };
		295CC0131A5573D10062FA65 /* JSQMessagesViewController.h */ = {isa = PBXFileReference; fileEncoding = 4; lastKnownFileType = sourcecode.c.h; path = JSQMessagesViewController.h; sourceTree = "<group>"; };
		295CC0141A5573D10062FA65 /* JSQMessagesViewController.m */ = {isa = PBXFileReference; fileEncoding = 4; lastKnownFileType = sourcecode.c.objc; path = JSQMessagesViewController.m; sourceTree = "<group>"; };
		295CC0151A5573D10062FA65 /* JSQMessagesViewController.xib */ = {isa = PBXFileReference; fileEncoding = 4; lastKnownFileType = file.xib; path = JSQMessagesViewController.xib; sourceTree = "<group>"; };
		295CC0171A5573D10062FA65 /* JSQMessagesAvatarImageFactory.h */ = {isa = PBXFileReference; fileEncoding = 4; lastKnownFileType = sourcecode.c.h; path = JSQMessagesAvatarImageFactory.h; sourceTree = "<group>"; };
		295CC0181A5573D10062FA65 /* JSQMessagesAvatarImageFactory.m */ = {isa = PBXFileReference; fileEncoding = 4; lastKnownFileType = sourcecode.c.objc; path = JSQMessagesAvatarImageFactory.m; sourceTree = "<group>"; };
		295CC0191A5573D10062FA65 /* JSQMessagesBubbleImageFactory.h */ = {isa = PBXFileReference; fileEncoding = 4; lastKnownFileType = sourcecode.c.h; path = JSQMessagesBubbleImageFactory.h; sourceTree = "<group>"; };
		295CC01A1A5573D10062FA65 /* JSQMessagesBubbleImageFactory.m */ = {isa = PBXFileReference; fileEncoding = 4; lastKnownFileType = sourcecode.c.objc; path = JSQMessagesBubbleImageFactory.m; sourceTree = "<group>"; };
		295CC01B1A5573D10062FA65 /* JSQMessagesMediaViewBubbleImageMasker.h */ = {isa = PBXFileReference; fileEncoding = 4; lastKnownFileType = sourcecode.c.h; path = JSQMessagesMediaViewBubbleImageMasker.h; sourceTree = "<group>"; };
		295CC01C1A5573D10062FA65 /* JSQMessagesMediaViewBubbleImageMasker.m */ = {isa = PBXFileReference; fileEncoding = 4; lastKnownFileType = sourcecode.c.objc; path = JSQMessagesMediaViewBubbleImageMasker.m; sourceTree = "<group>"; };
		295CC01D1A5573D10062FA65 /* JSQMessagesTimestampFormatter.h */ = {isa = PBXFileReference; fileEncoding = 4; lastKnownFileType = sourcecode.c.h; path = JSQMessagesTimestampFormatter.h; sourceTree = "<group>"; };
		295CC01E1A5573D10062FA65 /* JSQMessagesTimestampFormatter.m */ = {isa = PBXFileReference; fileEncoding = 4; lastKnownFileType = sourcecode.c.objc; path = JSQMessagesTimestampFormatter.m; sourceTree = "<group>"; };
		295CC01F1A5573D10062FA65 /* JSQMessagesToolbarButtonFactory.h */ = {isa = PBXFileReference; fileEncoding = 4; lastKnownFileType = sourcecode.c.h; path = JSQMessagesToolbarButtonFactory.h; sourceTree = "<group>"; };
		295CC0201A5573D10062FA65 /* JSQMessagesToolbarButtonFactory.m */ = {isa = PBXFileReference; fileEncoding = 4; lastKnownFileType = sourcecode.c.objc; path = JSQMessagesToolbarButtonFactory.m; sourceTree = "<group>"; };
		295CC0211A5573D10062FA65 /* JSQMessages.h */ = {isa = PBXFileReference; fileEncoding = 4; lastKnownFileType = sourcecode.c.h; path = JSQMessages.h; sourceTree = "<group>"; };
		295CC0231A5573D10062FA65 /* JSQMessagesCollectionViewFlowLayout.h */ = {isa = PBXFileReference; fileEncoding = 4; lastKnownFileType = sourcecode.c.h; path = JSQMessagesCollectionViewFlowLayout.h; sourceTree = "<group>"; };
		295CC0241A5573D10062FA65 /* JSQMessagesCollectionViewFlowLayout.m */ = {isa = PBXFileReference; fileEncoding = 4; lastKnownFileType = sourcecode.c.objc; path = JSQMessagesCollectionViewFlowLayout.m; sourceTree = "<group>"; };
		295CC0251A5573D10062FA65 /* JSQMessagesCollectionViewFlowLayoutInvalidationContext.h */ = {isa = PBXFileReference; fileEncoding = 4; lastKnownFileType = sourcecode.c.h; path = JSQMessagesCollectionViewFlowLayoutInvalidationContext.h; sourceTree = "<group>"; };
		295CC0261A5573D10062FA65 /* JSQMessagesCollectionViewFlowLayoutInvalidationContext.m */ = {isa = PBXFileReference; fileEncoding = 4; lastKnownFileType = sourcecode.c.objc; path = JSQMessagesCollectionViewFlowLayoutInvalidationContext.m; sourceTree = "<group>"; };
		295CC0271A5573D10062FA65 /* JSQMessagesCollectionViewLayoutAttributes.h */ = {isa = PBXFileReference; fileEncoding = 4; lastKnownFileType = sourcecode.c.h; path = JSQMessagesCollectionViewLayoutAttributes.h; sourceTree = "<group>"; };
		295CC0281A5573D10062FA65 /* JSQMessagesCollectionViewLayoutAttributes.m */ = {isa = PBXFileReference; fileEncoding = 4; lastKnownFileType = sourcecode.c.objc; path = JSQMessagesCollectionViewLayoutAttributes.m; sourceTree = "<group>"; };
		295CC02A1A5573D10062FA65 /* JSQLocationMediaItem.h */ = {isa = PBXFileReference; fileEncoding = 4; lastKnownFileType = sourcecode.c.h; path = JSQLocationMediaItem.h; sourceTree = "<group>"; };
		295CC02B1A5573D10062FA65 /* JSQLocationMediaItem.m */ = {isa = PBXFileReference; fileEncoding = 4; lastKnownFileType = sourcecode.c.objc; path = JSQLocationMediaItem.m; sourceTree = "<group>"; };
		295CC02C1A5573D10062FA65 /* JSQMediaItem.h */ = {isa = PBXFileReference; fileEncoding = 4; lastKnownFileType = sourcecode.c.h; path = JSQMediaItem.h; sourceTree = "<group>"; };
		295CC02D1A5573D10062FA65 /* JSQMediaItem.m */ = {isa = PBXFileReference; fileEncoding = 4; lastKnownFileType = sourcecode.c.objc; path = JSQMediaItem.m; sourceTree = "<group>"; };
		295CC02E1A5573D10062FA65 /* JSQMessage.h */ = {isa = PBXFileReference; fileEncoding = 4; lastKnownFileType = sourcecode.c.h; path = JSQMessage.h; sourceTree = "<group>"; };
		295CC02F1A5573D10062FA65 /* JSQMessage.m */ = {isa = PBXFileReference; fileEncoding = 4; lastKnownFileType = sourcecode.c.objc; path = JSQMessage.m; sourceTree = "<group>"; };
		295CC0301A5573D10062FA65 /* JSQMessageAvatarImageDataSource.h */ = {isa = PBXFileReference; fileEncoding = 4; lastKnownFileType = sourcecode.c.h; path = JSQMessageAvatarImageDataSource.h; sourceTree = "<group>"; };
		295CC0311A5573D10062FA65 /* JSQMessageBubbleImageDataSource.h */ = {isa = PBXFileReference; fileEncoding = 4; lastKnownFileType = sourcecode.c.h; path = JSQMessageBubbleImageDataSource.h; sourceTree = "<group>"; };
		295CC0321A5573D10062FA65 /* JSQMessageData.h */ = {isa = PBXFileReference; fileEncoding = 4; lastKnownFileType = sourcecode.c.h; path = JSQMessageData.h; sourceTree = "<group>"; };
		295CC0331A5573D10062FA65 /* JSQMessageMediaData.h */ = {isa = PBXFileReference; fileEncoding = 4; lastKnownFileType = sourcecode.c.h; path = JSQMessageMediaData.h; sourceTree = "<group>"; };
		295CC0341A5573D10062FA65 /* JSQMessagesAvatarImage.h */ = {isa = PBXFileReference; fileEncoding = 4; lastKnownFileType = sourcecode.c.h; path = JSQMessagesAvatarImage.h; sourceTree = "<group>"; };
		295CC0351A5573D10062FA65 /* JSQMessagesAvatarImage.m */ = {isa = PBXFileReference; fileEncoding = 4; lastKnownFileType = sourcecode.c.objc; path = JSQMessagesAvatarImage.m; sourceTree = "<group>"; };
		295CC0361A5573D10062FA65 /* JSQMessagesBubbleImage.h */ = {isa = PBXFileReference; fileEncoding = 4; lastKnownFileType = sourcecode.c.h; path = JSQMessagesBubbleImage.h; sourceTree = "<group>"; };
		295CC0371A5573D10062FA65 /* JSQMessagesBubbleImage.m */ = {isa = PBXFileReference; fileEncoding = 4; lastKnownFileType = sourcecode.c.objc; path = JSQMessagesBubbleImage.m; sourceTree = "<group>"; };
		295CC0381A5573D10062FA65 /* JSQMessagesCollectionViewDataSource.h */ = {isa = PBXFileReference; fileEncoding = 4; lastKnownFileType = sourcecode.c.h; path = JSQMessagesCollectionViewDataSource.h; sourceTree = "<group>"; };
		295CC0391A5573D10062FA65 /* JSQMessagesCollectionViewDelegateFlowLayout.h */ = {isa = PBXFileReference; fileEncoding = 4; lastKnownFileType = sourcecode.c.h; path = JSQMessagesCollectionViewDelegateFlowLayout.h; sourceTree = "<group>"; };
		295CC03A1A5573D10062FA65 /* JSQPhotoMediaItem.h */ = {isa = PBXFileReference; fileEncoding = 4; lastKnownFileType = sourcecode.c.h; path = JSQPhotoMediaItem.h; sourceTree = "<group>"; };
		295CC03B1A5573D10062FA65 /* JSQPhotoMediaItem.m */ = {isa = PBXFileReference; fileEncoding = 4; lastKnownFileType = sourcecode.c.objc; path = JSQPhotoMediaItem.m; sourceTree = "<group>"; };
		295CC03C1A5573D10062FA65 /* JSQVideoMediaItem.h */ = {isa = PBXFileReference; fileEncoding = 4; lastKnownFileType = sourcecode.c.h; path = JSQVideoMediaItem.h; sourceTree = "<group>"; };
		295CC03D1A5573D10062FA65 /* JSQVideoMediaItem.m */ = {isa = PBXFileReference; fileEncoding = 4; lastKnownFileType = sourcecode.c.objc; path = JSQVideoMediaItem.m; sourceTree = "<group>"; };
		295CC03F1A5573D10062FA65 /* JSQMessagesCellTextView.h */ = {isa = PBXFileReference; fileEncoding = 4; lastKnownFileType = sourcecode.c.h; path = JSQMessagesCellTextView.h; sourceTree = "<group>"; };
		295CC0401A5573D10062FA65 /* JSQMessagesCellTextView.m */ = {isa = PBXFileReference; fileEncoding = 4; lastKnownFileType = sourcecode.c.objc; path = JSQMessagesCellTextView.m; sourceTree = "<group>"; };
		295CC0411A5573D10062FA65 /* JSQMessagesCollectionView.h */ = {isa = PBXFileReference; fileEncoding = 4; lastKnownFileType = sourcecode.c.h; path = JSQMessagesCollectionView.h; sourceTree = "<group>"; };
		295CC0421A5573D10062FA65 /* JSQMessagesCollectionView.m */ = {isa = PBXFileReference; fileEncoding = 4; lastKnownFileType = sourcecode.c.objc; path = JSQMessagesCollectionView.m; sourceTree = "<group>"; };
		295CC0431A5573D10062FA65 /* JSQMessagesCollectionViewCell.h */ = {isa = PBXFileReference; fileEncoding = 4; lastKnownFileType = sourcecode.c.h; path = JSQMessagesCollectionViewCell.h; sourceTree = "<group>"; };
		295CC0441A5573D10062FA65 /* JSQMessagesCollectionViewCell.m */ = {isa = PBXFileReference; fileEncoding = 4; lastKnownFileType = sourcecode.c.objc; path = JSQMessagesCollectionViewCell.m; sourceTree = "<group>"; };
		295CC0451A5573D10062FA65 /* JSQMessagesCollectionViewCellIncoming.h */ = {isa = PBXFileReference; fileEncoding = 4; lastKnownFileType = sourcecode.c.h; path = JSQMessagesCollectionViewCellIncoming.h; sourceTree = "<group>"; };
		295CC0461A5573D10062FA65 /* JSQMessagesCollectionViewCellIncoming.m */ = {isa = PBXFileReference; fileEncoding = 4; lastKnownFileType = sourcecode.c.objc; path = JSQMessagesCollectionViewCellIncoming.m; sourceTree = "<group>"; };
		295CC0471A5573D10062FA65 /* JSQMessagesCollectionViewCellIncoming.xib */ = {isa = PBXFileReference; fileEncoding = 4; lastKnownFileType = file.xib; path = JSQMessagesCollectionViewCellIncoming.xib; sourceTree = "<group>"; };
		295CC0481A5573D10062FA65 /* JSQMessagesCollectionViewCellOutgoing.h */ = {isa = PBXFileReference; fileEncoding = 4; lastKnownFileType = sourcecode.c.h; path = JSQMessagesCollectionViewCellOutgoing.h; sourceTree = "<group>"; };
		295CC0491A5573D10062FA65 /* JSQMessagesCollectionViewCellOutgoing.m */ = {isa = PBXFileReference; fileEncoding = 4; lastKnownFileType = sourcecode.c.objc; path = JSQMessagesCollectionViewCellOutgoing.m; sourceTree = "<group>"; };
		295CC04A1A5573D10062FA65 /* JSQMessagesCollectionViewCellOutgoing.xib */ = {isa = PBXFileReference; fileEncoding = 4; lastKnownFileType = file.xib; path = JSQMessagesCollectionViewCellOutgoing.xib; sourceTree = "<group>"; };
		295CC04B1A5573D10062FA65 /* JSQMessagesComposerTextView.h */ = {isa = PBXFileReference; fileEncoding = 4; lastKnownFileType = sourcecode.c.h; path = JSQMessagesComposerTextView.h; sourceTree = "<group>"; };
		295CC04C1A5573D10062FA65 /* JSQMessagesComposerTextView.m */ = {isa = PBXFileReference; fileEncoding = 4; lastKnownFileType = sourcecode.c.objc; path = JSQMessagesComposerTextView.m; sourceTree = "<group>"; };
		295CC04D1A5573D10062FA65 /* JSQMessagesInputToolbar.h */ = {isa = PBXFileReference; fileEncoding = 4; lastKnownFileType = sourcecode.c.h; path = JSQMessagesInputToolbar.h; sourceTree = "<group>"; };
		295CC04E1A5573D10062FA65 /* JSQMessagesInputToolbar.m */ = {isa = PBXFileReference; fileEncoding = 4; lastKnownFileType = sourcecode.c.objc; path = JSQMessagesInputToolbar.m; sourceTree = "<group>"; };
		295CC04F1A5573D10062FA65 /* JSQMessagesLabel.h */ = {isa = PBXFileReference; fileEncoding = 4; lastKnownFileType = sourcecode.c.h; path = JSQMessagesLabel.h; sourceTree = "<group>"; };
		295CC0501A5573D10062FA65 /* JSQMessagesLabel.m */ = {isa = PBXFileReference; fileEncoding = 4; lastKnownFileType = sourcecode.c.objc; path = JSQMessagesLabel.m; sourceTree = "<group>"; };
		295CC0511A5573D10062FA65 /* JSQMessagesLoadEarlierHeaderView.h */ = {isa = PBXFileReference; fileEncoding = 4; lastKnownFileType = sourcecode.c.h; path = JSQMessagesLoadEarlierHeaderView.h; sourceTree = "<group>"; };
		295CC0521A5573D10062FA65 /* JSQMessagesLoadEarlierHeaderView.m */ = {isa = PBXFileReference; fileEncoding = 4; lastKnownFileType = sourcecode.c.objc; path = JSQMessagesLoadEarlierHeaderView.m; sourceTree = "<group>"; };
		295CC0531A5573D10062FA65 /* JSQMessagesLoadEarlierHeaderView.xib */ = {isa = PBXFileReference; fileEncoding = 4; lastKnownFileType = file.xib; path = JSQMessagesLoadEarlierHeaderView.xib; sourceTree = "<group>"; };
		295CC0541A5573D10062FA65 /* JSQMessagesMediaPlaceholderView.h */ = {isa = PBXFileReference; fileEncoding = 4; lastKnownFileType = sourcecode.c.h; path = JSQMessagesMediaPlaceholderView.h; sourceTree = "<group>"; };
		295CC0551A5573D10062FA65 /* JSQMessagesMediaPlaceholderView.m */ = {isa = PBXFileReference; fileEncoding = 4; lastKnownFileType = sourcecode.c.objc; path = JSQMessagesMediaPlaceholderView.m; sourceTree = "<group>"; };
		295CC0561A5573D10062FA65 /* JSQMessagesToolbarContentView.h */ = {isa = PBXFileReference; fileEncoding = 4; lastKnownFileType = sourcecode.c.h; path = JSQMessagesToolbarContentView.h; sourceTree = "<group>"; };
		295CC0571A5573D10062FA65 /* JSQMessagesToolbarContentView.m */ = {isa = PBXFileReference; fileEncoding = 4; lastKnownFileType = sourcecode.c.objc; path = JSQMessagesToolbarContentView.m; sourceTree = "<group>"; };
		295CC0581A5573D10062FA65 /* JSQMessagesToolbarContentView.xib */ = {isa = PBXFileReference; fileEncoding = 4; lastKnownFileType = file.xib; path = JSQMessagesToolbarContentView.xib; sourceTree = "<group>"; };
		295CC0591A5573D10062FA65 /* JSQMessagesTypingIndicatorFooterView.h */ = {isa = PBXFileReference; fileEncoding = 4; lastKnownFileType = sourcecode.c.h; path = JSQMessagesTypingIndicatorFooterView.h; sourceTree = "<group>"; };
		295CC05A1A5573D10062FA65 /* JSQMessagesTypingIndicatorFooterView.m */ = {isa = PBXFileReference; fileEncoding = 4; lastKnownFileType = sourcecode.c.objc; path = JSQMessagesTypingIndicatorFooterView.m; sourceTree = "<group>"; };
		295CC05B1A5573D10062FA65 /* JSQMessagesTypingIndicatorFooterView.xib */ = {isa = PBXFileReference; fileEncoding = 4; lastKnownFileType = file.xib; path = JSQMessagesTypingIndicatorFooterView.xib; sourceTree = "<group>"; };
		296DD5E51A1F557900AB9F8C /* ProgressHUD.bundle */ = {isa = PBXFileReference; lastKnownFileType = "wrapper.plug-in"; path = ProgressHUD.bundle; sourceTree = "<group>"; };
		296DD5E61A1F557900AB9F8C /* ProgressHUD.h */ = {isa = PBXFileReference; fileEncoding = 4; lastKnownFileType = sourcecode.c.h; path = ProgressHUD.h; sourceTree = "<group>"; };
		296DD5E71A1F557900AB9F8C /* ProgressHUD.m */ = {isa = PBXFileReference; fileEncoding = 4; lastKnownFileType = sourcecode.c.objc; path = ProgressHUD.m; sourceTree = "<group>"; };
		2999F3BC1A3C3ECD00147194 /* NavigationController.h */ = {isa = PBXFileReference; fileEncoding = 4; lastKnownFileType = sourcecode.c.h; path = NavigationController.h; sourceTree = "<group>"; };
		2999F3BD1A3C3ECD00147194 /* NavigationController.m */ = {isa = PBXFileReference; fileEncoding = 4; lastKnownFileType = sourcecode.c.objc; path = NavigationController.m; sourceTree = "<group>"; };
		2999F3BF1A3C3ECD00147194 /* ChatView.h */ = {isa = PBXFileReference; fileEncoding = 4; lastKnownFileType = sourcecode.c.h; path = ChatView.h; sourceTree = "<group>"; };
		2999F3C01A3C3ECD00147194 /* ChatView.m */ = {isa = PBXFileReference; fileEncoding = 4; lastKnownFileType = sourcecode.c.objc; path = ChatView.m; sourceTree = "<group>"; };
		2999F3C31A3C3ECD00147194 /* GroupView.h */ = {isa = PBXFileReference; fileEncoding = 4; lastKnownFileType = sourcecode.c.h; path = GroupView.h; sourceTree = "<group>"; };
		2999F3C41A3C3ECD00147194 /* GroupView.m */ = {isa = PBXFileReference; fileEncoding = 4; lastKnownFileType = sourcecode.c.objc; path = GroupView.m; sourceTree = "<group>"; };
		2999F3C61A3C3ECD00147194 /* PrivateView.h */ = {isa = PBXFileReference; fileEncoding = 4; lastKnownFileType = sourcecode.c.h; path = PrivateView.h; sourceTree = "<group>"; };
		2999F3C71A3C3ECD00147194 /* PrivateView.m */ = {isa = PBXFileReference; fileEncoding = 4; lastKnownFileType = sourcecode.c.objc; path = PrivateView.m; sourceTree = "<group>"; };
		2999F3C81A3C3ECD00147194 /* PrivateView.xib */ = {isa = PBXFileReference; fileEncoding = 4; lastKnownFileType = file.xib; path = PrivateView.xib; sourceTree = "<group>"; };
		2999F3CA1A3C3ECD00147194 /* MessagesCell.h */ = {isa = PBXFileReference; fileEncoding = 4; lastKnownFileType = sourcecode.c.h; path = MessagesCell.h; sourceTree = "<group>"; };
		2999F3CB1A3C3ECD00147194 /* MessagesCell.m */ = {isa = PBXFileReference; fileEncoding = 4; lastKnownFileType = sourcecode.c.objc; path = MessagesCell.m; sourceTree = "<group>"; };
		2999F3CC1A3C3ECD00147194 /* MessagesCell.xib */ = {isa = PBXFileReference; fileEncoding = 4; lastKnownFileType = file.xib; path = MessagesCell.xib; sourceTree = "<group>"; };
		2999F3CD1A3C3ECD00147194 /* MessagesView.h */ = {isa = PBXFileReference; fileEncoding = 4; lastKnownFileType = sourcecode.c.h; path = MessagesView.h; sourceTree = "<group>"; };
		2999F3CE1A3C3ECD00147194 /* MessagesView.m */ = {isa = PBXFileReference; fileEncoding = 4; lastKnownFileType = sourcecode.c.objc; path = MessagesView.m; sourceTree = "<group>"; };
		2999F3CF1A3C3ECD00147194 /* MessagesView.xib */ = {isa = PBXFileReference; fileEncoding = 4; lastKnownFileType = file.xib; path = MessagesView.xib; sourceTree = "<group>"; };
		2999F3D11A3C3ECD00147194 /* ProfileView.h */ = {isa = PBXFileReference; fileEncoding = 4; lastKnownFileType = sourcecode.c.h; path = ProfileView.h; sourceTree = "<group>"; };
		2999F3D21A3C3ECD00147194 /* ProfileView.m */ = {isa = PBXFileReference; fileEncoding = 4; lastKnownFileType = sourcecode.c.objc; path = ProfileView.m; sourceTree = "<group>"; };
		2999F3D31A3C3ECD00147194 /* ProfileView.xib */ = {isa = PBXFileReference; fileEncoding = 4; lastKnownFileType = file.xib; path = ProfileView.xib; sourceTree = "<group>"; };
		2999F3D51A3C3ECD00147194 /* LoginView.h */ = {isa = PBXFileReference; fileEncoding = 4; lastKnownFileType = sourcecode.c.h; path = LoginView.h; sourceTree = "<group>"; };
		2999F3D61A3C3ECD00147194 /* LoginView.m */ = {isa = PBXFileReference; fileEncoding = 4; lastKnownFileType = sourcecode.c.objc; path = LoginView.m; sourceTree = "<group>"; };
		2999F3D71A3C3ECD00147194 /* LoginView.xib */ = {isa = PBXFileReference; fileEncoding = 4; lastKnownFileType = file.xib; path = LoginView.xib; sourceTree = "<group>"; };
		2999F3D81A3C3ECD00147194 /* RegisterView.h */ = {isa = PBXFileReference; fileEncoding = 4; lastKnownFileType = sourcecode.c.h; path = RegisterView.h; sourceTree = "<group>"; };
		2999F3D91A3C3ECD00147194 /* RegisterView.m */ = {isa = PBXFileReference; fileEncoding = 4; lastKnownFileType = sourcecode.c.objc; path = RegisterView.m; sourceTree = "<group>"; };
		2999F3DA1A3C3ECD00147194 /* RegisterView.xib */ = {isa = PBXFileReference; fileEncoding = 4; lastKnownFileType = file.xib; path = RegisterView.xib; sourceTree = "<group>"; };
		2999F3DB1A3C3ECD00147194 /* WelcomeView.h */ = {isa = PBXFileReference; fileEncoding = 4; lastKnownFileType = sourcecode.c.h; path = WelcomeView.h; sourceTree = "<group>"; };
		2999F3DC1A3C3ECD00147194 /* WelcomeView.m */ = {isa = PBXFileReference; fileEncoding = 4; lastKnownFileType = sourcecode.c.objc; path = WelcomeView.m; sourceTree = "<group>"; };
		2999F3DD1A3C3ECD00147194 /* WelcomeView.xib */ = {isa = PBXFileReference; fileEncoding = 4; lastKnownFileType = file.xib; path = WelcomeView.xib; sourceTree = "<group>"; };
		2999F3DF1A3C3ECD00147194 /* camera.h */ = {isa = PBXFileReference; fileEncoding = 4; lastKnownFileType = sourcecode.c.h; path = camera.h; sourceTree = "<group>"; };
		2999F3E01A3C3ECD00147194 /* camera.m */ = {isa = PBXFileReference; fileEncoding = 4; lastKnownFileType = sourcecode.c.objc; path = camera.m; sourceTree = "<group>"; };
		2999F3E11A3C3ECD00147194 /* messages.h */ = {isa = PBXFileReference; fileEncoding = 4; lastKnownFileType = sourcecode.c.h; path = messages.h; sourceTree = "<group>"; };
		2999F3E21A3C3ECD00147194 /* messages.m */ = {isa = PBXFileReference; fileEncoding = 4; lastKnownFileType = sourcecode.c.objc; path = messages.m; sourceTree = "<group>"; };
		2999F3E31A3C3ECD00147194 /* pushnotification.h */ = {isa = PBXFileReference; fileEncoding = 4; lastKnownFileType = sourcecode.c.h; path = pushnotification.h; sourceTree = "<group>"; };
		2999F3E41A3C3ECD00147194 /* pushnotification.m */ = {isa = PBXFileReference; fileEncoding = 4; lastKnownFileType = sourcecode.c.objc; path = pushnotification.m; sourceTree = "<group>"; };
		2999F3E51A3C3ECD00147194 /* utilities.h */ = {isa = PBXFileReference; fileEncoding = 4; lastKnownFileType = sourcecode.c.h; path = utilities.h; sourceTree = "<group>"; };
		2999F3E61A3C3ECD00147194 /* utilities.m */ = {isa = PBXFileReference; fileEncoding = 4; lastKnownFileType = sourcecode.c.objc; path = utilities.m; sourceTree = "<group>"; };
		29B6DDC01A3C3C5700D38CD9 /* chat_blank@2x.png */ = {isa = PBXFileReference; lastKnownFileType = image.png; path = "chat_blank@2x.png"; sourceTree = "<group>"; };
		29B6DDC11A3C3C5700D38CD9 /* messages_blank@2x.png */ = {isa = PBXFileReference; lastKnownFileType = image.png; path = "messages_blank@2x.png"; sourceTree = "<group>"; };
		29B6DDC21A3C3C5700D38CD9 /* profile_blank@2x.png */ = {isa = PBXFileReference; lastKnownFileType = image.png; path = "profile_blank@2x.png"; sourceTree = "<group>"; };
		29B6DDC31A3C3C5700D38CD9 /* tab_group@2x.png */ = {isa = PBXFileReference; lastKnownFileType = image.png; path = "tab_group@2x.png"; sourceTree = "<group>"; };
		29B6DDC41A3C3C5700D38CD9 /* tab_messages@2x.png */ = {isa = PBXFileReference; lastKnownFileType = image.png; path = "tab_messages@2x.png"; sourceTree = "<group>"; };
		29B6DDC51A3C3C5700D38CD9 /* tab_private@2x.png */ = {isa = PBXFileReference; lastKnownFileType = image.png; path = "tab_private@2x.png"; sourceTree = "<group>"; };
		29B6DDC61A3C3C5700D38CD9 /* tab_profile@2x.png */ = {isa = PBXFileReference; lastKnownFileType = image.png; path = "tab_profile@2x.png"; sourceTree = "<group>"; };
		29EB240519E9292500D7AA97 /* app.app */ = {isa = PBXFileReference; explicitFileType = wrapper.application; includeInIndex = 0; path = app.app; sourceTree = BUILT_PRODUCTS_DIR; };
		29EB240919E9292500D7AA97 /* Info.plist */ = {isa = PBXFileReference; lastKnownFileType = text.plist.xml; path = Info.plist; sourceTree = "<group>"; };
		29EB240A19E9292500D7AA97 /* main.m */ = {isa = PBXFileReference; lastKnownFileType = sourcecode.c.objc; path = main.m; sourceTree = "<group>"; };
		29EB240C19E9292500D7AA97 /* AppDelegate.h */ = {isa = PBXFileReference; lastKnownFileType = sourcecode.c.h; path = AppDelegate.h; sourceTree = "<group>"; };
		29EB240D19E9292500D7AA97 /* AppDelegate.m */ = {isa = PBXFileReference; lastKnownFileType = sourcecode.c.objc; path = AppDelegate.m; sourceTree = "<group>"; };
		29EB241519E9292500D7AA97 /* Images.xcassets */ = {isa = PBXFileReference; lastKnownFileType = folder.assetcatalog; path = Images.xcassets; sourceTree = "<group>"; };
		29EB241819E9292500D7AA97 /* Base */ = {isa = PBXFileReference; lastKnownFileType = file.xib; name = Base; path = Base.lproj/LaunchScreen.xib; sourceTree = "<group>"; };
		29EB254F19E92ACD00D7AA97 /* AppConstant.h */ = {isa = PBXFileReference; fileEncoding = 4; lastKnownFileType = sourcecode.c.h; path = AppConstant.h; sourceTree = "<group>"; };
/* End PBXFileReference section */

/* Begin PBXFrameworksBuildPhase section */
		29EB240219E9292500D7AA97 /* Frameworks */ = {
			isa = PBXFrameworksBuildPhase;
			buildActionMask = 2147483647;
			files = (
				2936D2721A55790C001A5D5C /* Social.framework in Frameworks */,
				2936D2701A5578FF001A5D5C /* libc++.dylib in Frameworks */,
				2936D26E1A5578F8001A5D5C /* libicucore.dylib in Frameworks */,
				2936D26C1A5578D8001A5D5C /* AudioToolbox.framework in Frameworks */,
				2936D26A1A5578D1001A5D5C /* CFNetwork.framework in Frameworks */,
				2936D2681A5578CC001A5D5C /* CoreGraphics.framework in Frameworks */,
				2936D2661A5578C5001A5D5C /* CoreLocation.framework in Frameworks */,
				2936D2641A5578BF001A5D5C /* MobileCoreServices.framework in Frameworks */,
				2936D2621A5578B4001A5D5C /* QuartzCore.framework in Frameworks */,
				2936D2601A5578AC001A5D5C /* Security.framework in Frameworks */,
				2936D25E1A5578A5001A5D5C /* StoreKit.framework in Frameworks */,
				2936D25C1A55789E001A5D5C /* SystemConfiguration.framework in Frameworks */,
				2936D25A1A557896001A5D5C /* libz.dylib in Frameworks */,
				2936D2581A55788E001A5D5C /* libsqlite3.dylib in Frameworks */,
				2936D2521A557852001A5D5C /* FacebookSDK.framework in Frameworks */,
				2936D2541A557852001A5D5C /* Parse.framework in Frameworks */,
				2936D2561A557852001A5D5C /* ParseUI.framework in Frameworks */,
				2936D2551A557852001A5D5C /* ParseFacebookUtils.framework in Frameworks */,
				2936D2531A557852001A5D5C /* Firebase.framework in Frameworks */,
			);
			runOnlyForDeploymentPostprocessing = 0;
		};
/* End PBXFrameworksBuildPhase section */

/* Begin PBXGroup section */
		2927192F19F284AC009C308B /* Vendors */ = {
			isa = PBXGroup;
			children = (
				2927193019F284AC009C308B /* AFNetworking */,
				295CBFEF1A5573D10062FA65 /* JSQMessagesViewController */,
				292719CF19F284AC009C308B /* JSQSystemSoundPlayer */,
				296DD5E41A1F557900AB9F8C /* ProgressHUD */,
			);
			path = Vendors;
			sourceTree = "<group>";
		};
		2927193019F284AC009C308B /* AFNetworking */ = {
			isa = PBXGroup;
			children = (
				2927193119F284AC009C308B /* AFNetworking */,
				2927194519F284AC009C308B /* UIKit+AFNetworking */,
			);
			path = AFNetworking;
			sourceTree = "<group>";
		};
		2927193119F284AC009C308B /* AFNetworking */ = {
			isa = PBXGroup;
			children = (
				2927193219F284AC009C308B /* AFHTTPRequestOperation.h */,
				2927193319F284AC009C308B /* AFHTTPRequestOperation.m */,
				2927193419F284AC009C308B /* AFHTTPRequestOperationManager.h */,
				2927193519F284AC009C308B /* AFHTTPRequestOperationManager.m */,
				2927193619F284AC009C308B /* AFHTTPSessionManager.h */,
				2927193719F284AC009C308B /* AFHTTPSessionManager.m */,
				2927193819F284AC009C308B /* AFNetworking.h */,
				2927193919F284AC009C308B /* AFNetworkReachabilityManager.h */,
				2927193A19F284AC009C308B /* AFNetworkReachabilityManager.m */,
				2927193B19F284AC009C308B /* AFSecurityPolicy.h */,
				2927193C19F284AC009C308B /* AFSecurityPolicy.m */,
				2927193D19F284AC009C308B /* AFURLConnectionOperation.h */,
				2927193E19F284AC009C308B /* AFURLConnectionOperation.m */,
				2927193F19F284AC009C308B /* AFURLRequestSerialization.h */,
				2927194019F284AC009C308B /* AFURLRequestSerialization.m */,
				2927194119F284AC009C308B /* AFURLResponseSerialization.h */,
				2927194219F284AC009C308B /* AFURLResponseSerialization.m */,
				2927194319F284AC009C308B /* AFURLSessionManager.h */,
				2927194419F284AC009C308B /* AFURLSessionManager.m */,
			);
			path = AFNetworking;
			sourceTree = "<group>";
		};
		2927194519F284AC009C308B /* UIKit+AFNetworking */ = {
			isa = PBXGroup;
			children = (
				2927194619F284AC009C308B /* AFNetworkActivityIndicatorManager.h */,
				2927194719F284AC009C308B /* AFNetworkActivityIndicatorManager.m */,
				2927194819F284AC009C308B /* UIActivityIndicatorView+AFNetworking.h */,
				2927194919F284AC009C308B /* UIActivityIndicatorView+AFNetworking.m */,
				2927194A19F284AC009C308B /* UIAlertView+AFNetworking.h */,
				2927194B19F284AC009C308B /* UIAlertView+AFNetworking.m */,
				2927194C19F284AC009C308B /* UIButton+AFNetworking.h */,
				2927194D19F284AC009C308B /* UIButton+AFNetworking.m */,
				2927194E19F284AC009C308B /* UIImageView+AFNetworking.h */,
				2927194F19F284AC009C308B /* UIImageView+AFNetworking.m */,
				2927195019F284AC009C308B /* UIKit+AFNetworking.h */,
				2927195119F284AC009C308B /* UIProgressView+AFNetworking.h */,
				2927195219F284AC009C308B /* UIProgressView+AFNetworking.m */,
				2927195319F284AC009C308B /* UIRefreshControl+AFNetworking.h */,
				2927195419F284AC009C308B /* UIRefreshControl+AFNetworking.m */,
				2927195519F284AC009C308B /* UIWebView+AFNetworking.h */,
				2927195619F284AC009C308B /* UIWebView+AFNetworking.m */,
			);
			path = "UIKit+AFNetworking";
			sourceTree = "<group>";
		};
		292719CF19F284AC009C308B /* JSQSystemSoundPlayer */ = {
			isa = PBXGroup;
			children = (
				292719D019F284AC009C308B /* Classes */,
			);
			path = JSQSystemSoundPlayer;
			sourceTree = "<group>";
		};
		292719D019F284AC009C308B /* Classes */ = {
			isa = PBXGroup;
			children = (
				292719D119F284AC009C308B /* JSQSystemSoundPlayer.h */,
				292719D219F284AC009C308B /* JSQSystemSoundPlayer.m */,
			);
			path = Classes;
			sourceTree = "<group>";
		};
		295CBFEF1A5573D10062FA65 /* JSQMessagesViewController */ = {
			isa = PBXGroup;
			children = (
				295CBFF01A5573D10062FA65 /* Assets */,
				295CC0031A5573D10062FA65 /* Categories */,
				295CC0101A5573D10062FA65 /* Controllers */,
				295CC0161A5573D10062FA65 /* Factories */,
				295CC0211A5573D10062FA65 /* JSQMessages.h */,
				295CC0221A5573D10062FA65 /* Layout */,
				295CC0291A5573D10062FA65 /* Model */,
				295CC03E1A5573D10062FA65 /* Views */,
			);
			path = JSQMessagesViewController;
			sourceTree = "<group>";
		};
		295CBFF01A5573D10062FA65 /* Assets */ = {
			isa = PBXGroup;
			children = (
				295CBFF11A5573D10062FA65 /* JSQMessagesAssets.bundle */,
				295CBFF21A5573D10062FA65 /* Strings */,
			);
			path = Assets;
			sourceTree = "<group>";
		};
		295CBFF21A5573D10062FA65 /* Strings */ = {
			isa = PBXGroup;
			children = (
				295CBFF31A5573D10062FA65 /* JSQMessages.strings */,
			);
			path = Strings;
			sourceTree = "<group>";
		};
		295CC0031A5573D10062FA65 /* Categories */ = {
			isa = PBXGroup;
			children = (
				295CC0041A5573D10062FA65 /* JSQSystemSoundPlayer+JSQMessages.h */,
				295CC0051A5573D10062FA65 /* JSQSystemSoundPlayer+JSQMessages.m */,
				295CC0061A5573D10062FA65 /* NSString+JSQMessages.h */,
				295CC0071A5573D10062FA65 /* NSString+JSQMessages.m */,
				295CC0081A5573D10062FA65 /* UIColor+JSQMessages.h */,
				295CC0091A5573D10062FA65 /* UIColor+JSQMessages.m */,
				295CC00A1A5573D10062FA65 /* UIDevice+JSQMessages.h */,
				295CC00B1A5573D10062FA65 /* UIDevice+JSQMessages.m */,
				295CC00C1A5573D10062FA65 /* UIImage+JSQMessages.h */,
				295CC00D1A5573D10062FA65 /* UIImage+JSQMessages.m */,
				295CC00E1A5573D10062FA65 /* UIView+JSQMessages.h */,
				295CC00F1A5573D10062FA65 /* UIView+JSQMessages.m */,
			);
			path = Categories;
			sourceTree = "<group>";
		};
		295CC0101A5573D10062FA65 /* Controllers */ = {
			isa = PBXGroup;
			children = (
				295CC0111A5573D10062FA65 /* JSQMessagesKeyboardController.h */,
				295CC0121A5573D10062FA65 /* JSQMessagesKeyboardController.m */,
				295CC0131A5573D10062FA65 /* JSQMessagesViewController.h */,
				295CC0141A5573D10062FA65 /* JSQMessagesViewController.m */,
				295CC0151A5573D10062FA65 /* JSQMessagesViewController.xib */,
			);
			path = Controllers;
			sourceTree = "<group>";
		};
		295CC0161A5573D10062FA65 /* Factories */ = {
			isa = PBXGroup;
			children = (
				295CC0171A5573D10062FA65 /* JSQMessagesAvatarImageFactory.h */,
				295CC0181A5573D10062FA65 /* JSQMessagesAvatarImageFactory.m */,
				295CC0191A5573D10062FA65 /* JSQMessagesBubbleImageFactory.h */,
				295CC01A1A5573D10062FA65 /* JSQMessagesBubbleImageFactory.m */,
				295CC01B1A5573D10062FA65 /* JSQMessagesMediaViewBubbleImageMasker.h */,
				295CC01C1A5573D10062FA65 /* JSQMessagesMediaViewBubbleImageMasker.m */,
				295CC01D1A5573D10062FA65 /* JSQMessagesTimestampFormatter.h */,
				295CC01E1A5573D10062FA65 /* JSQMessagesTimestampFormatter.m */,
				295CC01F1A5573D10062FA65 /* JSQMessagesToolbarButtonFactory.h */,
				295CC0201A5573D10062FA65 /* JSQMessagesToolbarButtonFactory.m */,
			);
			path = Factories;
			sourceTree = "<group>";
		};
		295CC0221A5573D10062FA65 /* Layout */ = {
			isa = PBXGroup;
			children = (
				295CC0231A5573D10062FA65 /* JSQMessagesCollectionViewFlowLayout.h */,
				295CC0241A5573D10062FA65 /* JSQMessagesCollectionViewFlowLayout.m */,
				295CC0251A5573D10062FA65 /* JSQMessagesCollectionViewFlowLayoutInvalidationContext.h */,
				295CC0261A5573D10062FA65 /* JSQMessagesCollectionViewFlowLayoutInvalidationContext.m */,
				295CC0271A5573D10062FA65 /* JSQMessagesCollectionViewLayoutAttributes.h */,
				295CC0281A5573D10062FA65 /* JSQMessagesCollectionViewLayoutAttributes.m */,
			);
			path = Layout;
			sourceTree = "<group>";
		};
		295CC0291A5573D10062FA65 /* Model */ = {
			isa = PBXGroup;
			children = (
				295CC02A1A5573D10062FA65 /* JSQLocationMediaItem.h */,
				295CC02B1A5573D10062FA65 /* JSQLocationMediaItem.m */,
				295CC02C1A5573D10062FA65 /* JSQMediaItem.h */,
				295CC02D1A5573D10062FA65 /* JSQMediaItem.m */,
				295CC02E1A5573D10062FA65 /* JSQMessage.h */,
				295CC02F1A5573D10062FA65 /* JSQMessage.m */,
				295CC0301A5573D10062FA65 /* JSQMessageAvatarImageDataSource.h */,
				295CC0311A5573D10062FA65 /* JSQMessageBubbleImageDataSource.h */,
				295CC0321A5573D10062FA65 /* JSQMessageData.h */,
				295CC0331A5573D10062FA65 /* JSQMessageMediaData.h */,
				295CC0341A5573D10062FA65 /* JSQMessagesAvatarImage.h */,
				295CC0351A5573D10062FA65 /* JSQMessagesAvatarImage.m */,
				295CC0361A5573D10062FA65 /* JSQMessagesBubbleImage.h */,
				295CC0371A5573D10062FA65 /* JSQMessagesBubbleImage.m */,
				295CC0381A5573D10062FA65 /* JSQMessagesCollectionViewDataSource.h */,
				295CC0391A5573D10062FA65 /* JSQMessagesCollectionViewDelegateFlowLayout.h */,
				295CC03A1A5573D10062FA65 /* JSQPhotoMediaItem.h */,
				295CC03B1A5573D10062FA65 /* JSQPhotoMediaItem.m */,
				295CC03C1A5573D10062FA65 /* JSQVideoMediaItem.h */,
				295CC03D1A5573D10062FA65 /* JSQVideoMediaItem.m */,
			);
			path = Model;
			sourceTree = "<group>";
		};
		295CC03E1A5573D10062FA65 /* Views */ = {
			isa = PBXGroup;
			children = (
				295CC03F1A5573D10062FA65 /* JSQMessagesCellTextView.h */,
				295CC0401A5573D10062FA65 /* JSQMessagesCellTextView.m */,
				295CC0411A5573D10062FA65 /* JSQMessagesCollectionView.h */,
				295CC0421A5573D10062FA65 /* JSQMessagesCollectionView.m */,
				295CC0431A5573D10062FA65 /* JSQMessagesCollectionViewCell.h */,
				295CC0441A5573D10062FA65 /* JSQMessagesCollectionViewCell.m */,
				295CC0451A5573D10062FA65 /* JSQMessagesCollectionViewCellIncoming.h */,
				295CC0461A5573D10062FA65 /* JSQMessagesCollectionViewCellIncoming.m */,
				295CC0471A5573D10062FA65 /* JSQMessagesCollectionViewCellIncoming.xib */,
				295CC0481A5573D10062FA65 /* JSQMessagesCollectionViewCellOutgoing.h */,
				295CC0491A5573D10062FA65 /* JSQMessagesCollectionViewCellOutgoing.m */,
				295CC04A1A5573D10062FA65 /* JSQMessagesCollectionViewCellOutgoing.xib */,
				295CC04B1A5573D10062FA65 /* JSQMessagesComposerTextView.h */,
				295CC04C1A5573D10062FA65 /* JSQMessagesComposerTextView.m */,
				295CC04D1A5573D10062FA65 /* JSQMessagesInputToolbar.h */,
				295CC04E1A5573D10062FA65 /* JSQMessagesInputToolbar.m */,
				295CC04F1A5573D10062FA65 /* JSQMessagesLabel.h */,
				295CC0501A5573D10062FA65 /* JSQMessagesLabel.m */,
				295CC0511A5573D10062FA65 /* JSQMessagesLoadEarlierHeaderView.h */,
				295CC0521A5573D10062FA65 /* JSQMessagesLoadEarlierHeaderView.m */,
				295CC0531A5573D10062FA65 /* JSQMessagesLoadEarlierHeaderView.xib */,
				295CC0541A5573D10062FA65 /* JSQMessagesMediaPlaceholderView.h */,
				295CC0551A5573D10062FA65 /* JSQMessagesMediaPlaceholderView.m */,
				295CC0561A5573D10062FA65 /* JSQMessagesToolbarContentView.h */,
				295CC0571A5573D10062FA65 /* JSQMessagesToolbarContentView.m */,
				295CC0581A5573D10062FA65 /* JSQMessagesToolbarContentView.xib */,
				295CC0591A5573D10062FA65 /* JSQMessagesTypingIndicatorFooterView.h */,
				295CC05A1A5573D10062FA65 /* JSQMessagesTypingIndicatorFooterView.m */,
				295CC05B1A5573D10062FA65 /* JSQMessagesTypingIndicatorFooterView.xib */,
			);
			path = Views;
			sourceTree = "<group>";
		};
		296DD5E41A1F557900AB9F8C /* ProgressHUD */ = {
			isa = PBXGroup;
			children = (
				296DD5E51A1F557900AB9F8C /* ProgressHUD.bundle */,
				296DD5E61A1F557900AB9F8C /* ProgressHUD.h */,
				296DD5E71A1F557900AB9F8C /* ProgressHUD.m */,
			);
			path = ProgressHUD;
			sourceTree = "<group>";
		};
		2999F3BA1A3C3ECD00147194 /* Classes */ = {
			isa = PBXGroup;
			children = (
				2999F3BB1A3C3ECD00147194 /* Application */,
				2999F3BE1A3C3ECD00147194 /* Chat */,
				2999F3C11A3C3ECD00147194 /* Tabs */,
				2999F3D41A3C3ECD00147194 /* User */,
				2999F3DE1A3C3ECD00147194 /* Utilities */,
			);
			path = Classes;
			sourceTree = "<group>";
		};
		2999F3BB1A3C3ECD00147194 /* Application */ = {
			isa = PBXGroup;
			children = (
				2999F3BC1A3C3ECD00147194 /* NavigationController.h */,
				2999F3BD1A3C3ECD00147194 /* NavigationController.m */,
			);
			path = Application;
			sourceTree = "<group>";
		};
		2999F3BE1A3C3ECD00147194 /* Chat */ = {
			isa = PBXGroup;
			children = (
				2999F3BF1A3C3ECD00147194 /* ChatView.h */,
				2999F3C01A3C3ECD00147194 /* ChatView.m */,
			);
			path = Chat;
			sourceTree = "<group>";
		};
		2999F3C11A3C3ECD00147194 /* Tabs */ = {
			isa = PBXGroup;
			children = (
				2999F3C21A3C3ECD00147194 /* 01_group */,
				2999F3C51A3C3ECD00147194 /* 02_private */,
				2999F3C91A3C3ECD00147194 /* 03_messages */,
				2999F3D01A3C3ECD00147194 /* 04_profile */,
			);
			path = Tabs;
			sourceTree = "<group>";
		};
		2999F3C21A3C3ECD00147194 /* 01_group */ = {
			isa = PBXGroup;
			children = (
				2999F3C31A3C3ECD00147194 /* GroupView.h */,
				2999F3C41A3C3ECD00147194 /* GroupView.m */,
			);
			path = 01_group;
			sourceTree = "<group>";
		};
		2999F3C51A3C3ECD00147194 /* 02_private */ = {
			isa = PBXGroup;
			children = (
				2999F3C61A3C3ECD00147194 /* PrivateView.h */,
				2999F3C71A3C3ECD00147194 /* PrivateView.m */,
				2999F3C81A3C3ECD00147194 /* PrivateView.xib */,
			);
			path = 02_private;
			sourceTree = "<group>";
		};
		2999F3C91A3C3ECD00147194 /* 03_messages */ = {
			isa = PBXGroup;
			children = (
				2999F3CA1A3C3ECD00147194 /* MessagesCell.h */,
				2999F3CB1A3C3ECD00147194 /* MessagesCell.m */,
				2999F3CC1A3C3ECD00147194 /* MessagesCell.xib */,
				2999F3CD1A3C3ECD00147194 /* MessagesView.h */,
				2999F3CE1A3C3ECD00147194 /* MessagesView.m */,
				2999F3CF1A3C3ECD00147194 /* MessagesView.xib */,
			);
			path = 03_messages;
			sourceTree = "<group>";
		};
		2999F3D01A3C3ECD00147194 /* 04_profile */ = {
			isa = PBXGroup;
			children = (
				2999F3D11A3C3ECD00147194 /* ProfileView.h */,
				2999F3D21A3C3ECD00147194 /* ProfileView.m */,
				2999F3D31A3C3ECD00147194 /* ProfileView.xib */,
			);
			path = 04_profile;
			sourceTree = "<group>";
		};
		2999F3D41A3C3ECD00147194 /* User */ = {
			isa = PBXGroup;
			children = (
				2999F3D51A3C3ECD00147194 /* LoginView.h */,
				2999F3D61A3C3ECD00147194 /* LoginView.m */,
				2999F3D71A3C3ECD00147194 /* LoginView.xib */,
				2999F3D81A3C3ECD00147194 /* RegisterView.h */,
				2999F3D91A3C3ECD00147194 /* RegisterView.m */,
				2999F3DA1A3C3ECD00147194 /* RegisterView.xib */,
				2999F3DB1A3C3ECD00147194 /* WelcomeView.h */,
				2999F3DC1A3C3ECD00147194 /* WelcomeView.m */,
				2999F3DD1A3C3ECD00147194 /* WelcomeView.xib */,
			);
			path = User;
			sourceTree = "<group>";
		};
		2999F3DE1A3C3ECD00147194 /* Utilities */ = {
			isa = PBXGroup;
			children = (
				2999F3DF1A3C3ECD00147194 /* camera.h */,
				2999F3E01A3C3ECD00147194 /* camera.m */,
				2999F3E11A3C3ECD00147194 /* messages.h */,
				2999F3E21A3C3ECD00147194 /* messages.m */,
				2999F3E31A3C3ECD00147194 /* pushnotification.h */,
				2999F3E41A3C3ECD00147194 /* pushnotification.m */,
				2999F3E51A3C3ECD00147194 /* utilities.h */,
				2999F3E61A3C3ECD00147194 /* utilities.m */,
			);
			path = Utilities;
			sourceTree = "<group>";
		};
		29B6DDBF1A3C3C5700D38CD9 /* Images */ = {
			isa = PBXGroup;
			children = (
				29B6DDC01A3C3C5700D38CD9 /* chat_blank@2x.png */,
				29B6DDC11A3C3C5700D38CD9 /* messages_blank@2x.png */,
				29B6DDC21A3C3C5700D38CD9 /* profile_blank@2x.png */,
				29B6DDC31A3C3C5700D38CD9 /* tab_group@2x.png */,
				29B6DDC41A3C3C5700D38CD9 /* tab_messages@2x.png */,
				29B6DDC51A3C3C5700D38CD9 /* tab_private@2x.png */,
				29B6DDC61A3C3C5700D38CD9 /* tab_profile@2x.png */,
			);
			path = Images;
			sourceTree = "<group>";
		};
		29B8FE7319E92E4500E7A503 /* Resources */ = {
			isa = PBXGroup;
			children = (
				29B6DDBF1A3C3C5700D38CD9 /* Images */,
			);
			path = Resources;
			sourceTree = "<group>";
		};
		29EB23FC19E9292500D7AA97 = {
			isa = PBXGroup;
			children = (
				2999F3BA1A3C3ECD00147194 /* Classes */,
				2927192F19F284AC009C308B /* Vendors */,
				29B8FE7319E92E4500E7A503 /* Resources */,
				29EB243319E9297900D7AA97 /* Frameworks */,
				29EB240719E9292500D7AA97 /* app */,
				29EB240619E9292500D7AA97 /* Products */,
			);
			sourceTree = "<group>";
		};
		29EB240619E9292500D7AA97 /* Products */ = {
			isa = PBXGroup;
			children = (
				29EB240519E9292500D7AA97 /* app.app */,
			);
			name = Products;
			sourceTree = "<group>";
		};
		29EB240719E9292500D7AA97 /* app */ = {
			isa = PBXGroup;
			children = (
				29EB254F19E92ACD00D7AA97 /* AppConstant.h */,
				29EB240C19E9292500D7AA97 /* AppDelegate.h */,
				29EB240D19E9292500D7AA97 /* AppDelegate.m */,
				29EB241519E9292500D7AA97 /* Images.xcassets */,
				29EB241719E9292500D7AA97 /* LaunchScreen.xib */,
				29EB240819E9292500D7AA97 /* Supporting Files */,
			);
			path = app;
			sourceTree = "<group>";
		};
		29EB240819E9292500D7AA97 /* Supporting Files */ = {
			isa = PBXGroup;
			children = (
				29EB240919E9292500D7AA97 /* Info.plist */,
				29EB240A19E9292500D7AA97 /* main.m */,
			);
			name = "Supporting Files";
			sourceTree = "<group>";
		};
		29EB243319E9297900D7AA97 /* Frameworks */ = {
			isa = PBXGroup;
			children = (
				2936D2711A55790C001A5D5C /* Social.framework */,
				2936D26B1A5578D8001A5D5C /* AudioToolbox.framework */,
				2936D2691A5578D1001A5D5C /* CFNetwork.framework */,
				2936D2671A5578CC001A5D5C /* CoreGraphics.framework */,
				2936D2651A5578C5001A5D5C /* CoreLocation.framework */,
				2936D2631A5578BF001A5D5C /* MobileCoreServices.framework */,
				2936D2611A5578B4001A5D5C /* QuartzCore.framework */,
				2936D25F1A5578AC001A5D5C /* Security.framework */,
				2936D25D1A5578A5001A5D5C /* StoreKit.framework */,
				2936D25B1A55789E001A5D5C /* SystemConfiguration.framework */,
				2936D26F1A5578FF001A5D5C /* libc++.dylib */,
				2936D26D1A5578F8001A5D5C /* libicucore.dylib */,
				2936D2591A557896001A5D5C /* libz.dylib */,
				2936D2571A55788E001A5D5C /* libsqlite3.dylib */,
				2936D24D1A557852001A5D5C /* FacebookSDK.framework */,
				2936D24E1A557852001A5D5C /* Firebase.framework */,
				2936D24F1A557852001A5D5C /* Parse.framework */,
				2936D2501A557852001A5D5C /* ParseFacebookUtils.framework */,
				2936D2511A557852001A5D5C /* ParseUI.framework */,
			);
			path = Frameworks;
			sourceTree = "<group>";
		};
/* End PBXGroup section */

/* Begin PBXNativeTarget section */
		29EB240419E9292500D7AA97 /* app */ = {
			isa = PBXNativeTarget;
			buildConfigurationList = 29EB242819E9292600D7AA97 /* Build configuration list for PBXNativeTarget "app" */;
			buildPhases = (
				29EB240119E9292500D7AA97 /* Sources */,
				29EB240219E9292500D7AA97 /* Frameworks */,
				29EB240319E9292500D7AA97 /* Resources */,
			);
			buildRules = (
			);
			dependencies = (
			);
			name = app;
			productName = app;
			productReference = 29EB240519E9292500D7AA97 /* app.app */;
			productType = "com.apple.product-type.application";
		};
/* End PBXNativeTarget section */

/* Begin PBXProject section */
		29EB23FD19E9292500D7AA97 /* Project object */ = {
			isa = PBXProject;
			attributes = {
				LastUpgradeCheck = 0600;
				ORGANIZATIONNAME = KZ;
				TargetAttributes = {
					29EB240419E9292500D7AA97 = {
						CreatedOnToolsVersion = 6.0.1;
					};
				};
			};
			buildConfigurationList = 29EB240019E9292500D7AA97 /* Build configuration list for PBXProject "app" */;
			compatibilityVersion = "Xcode 3.2";
			developmentRegion = English;
			hasScannedForEncodings = 0;
			knownRegions = (
				en,
				Base,
				de,
				es,
				fr,
				he,
				it,
				nl,
				pl,
				pt,
				ro,
				ru,
				tr,
				"zh-Hans",
				"zh-Hant",
			);
			mainGroup = 29EB23FC19E9292500D7AA97;
			productRefGroup = 29EB240619E9292500D7AA97 /* Products */;
			projectDirPath = "";
			projectRoot = "";
			targets = (
				29EB240419E9292500D7AA97 /* app */,
			);
		};
/* End PBXProject section */

/* Begin PBXResourcesBuildPhase section */
		29EB240319E9292500D7AA97 /* Resources */ = {
			isa = PBXResourcesBuildPhase;
			buildActionMask = 2147483647;
			files = (
				29B6DDCD1A3C3C5700D38CD9 /* tab_profile@2x.png in Resources */,
				2999F3F51A3C3ECD00147194 /* RegisterView.xib in Resources */,
				2999F3F11A3C3ECD00147194 /* ProfileView.xib in Resources */,
				295CC05C1A5573D10062FA65 /* JSQMessagesAssets.bundle in Resources */,
				296DD5E81A1F557900AB9F8C /* ProgressHUD.bundle in Resources */,
				29B6DDC91A3C3C5700D38CD9 /* profile_blank@2x.png in Resources */,
				29B6DDC71A3C3C5700D38CD9 /* chat_blank@2x.png in Resources */,
				295CC07C1A5573D10062FA65 /* JSQMessagesCollectionViewCellOutgoing.xib in Resources */,
				29B6DDCB1A3C3C5700D38CD9 /* tab_messages@2x.png in Resources */,
				295CC07A1A5573D10062FA65 /* JSQMessagesCollectionViewCellIncoming.xib in Resources */,
				2999F3F71A3C3ECD00147194 /* WelcomeView.xib in Resources */,
				295CC0861A5573D10062FA65 /* JSQMessagesTypingIndicatorFooterView.xib in Resources */,
				295CC0841A5573D10062FA65 /* JSQMessagesToolbarContentView.xib in Resources */,
				29EB241919E9292500D7AA97 /* LaunchScreen.xib in Resources */,
				29B6DDCC1A3C3C5700D38CD9 /* tab_private@2x.png in Resources */,
				2999F3EF1A3C3ECD00147194 /* MessagesView.xib in Resources */,
				29B6DDCA1A3C3C5700D38CD9 /* tab_group@2x.png in Resources */,
				295CC0811A5573D10062FA65 /* JSQMessagesLoadEarlierHeaderView.xib in Resources */,
				2999F3F31A3C3ECD00147194 /* LoginView.xib in Resources */,
				2999F3EB1A3C3ECD00147194 /* PrivateView.xib in Resources */,
				2999F3ED1A3C3ECD00147194 /* MessagesCell.xib in Resources */,
				29B6DDC81A3C3C5700D38CD9 /* messages_blank@2x.png in Resources */,
				29EB241619E9292500D7AA97 /* Images.xcassets in Resources */,
				295CC05D1A5573D10062FA65 /* JSQMessages.strings in Resources */,
				295CC0661A5573D10062FA65 /* JSQMessagesViewController.xib in Resources */,
			);
			runOnlyForDeploymentPostprocessing = 0;
		};
/* End PBXResourcesBuildPhase section */

/* Begin PBXSourcesBuildPhase section */
		29EB240119E9292500D7AA97 /* Sources */ = {
			isa = PBXSourcesBuildPhase;
			buildActionMask = 2147483647;
			files = (
				295CC05F1A5573D10062FA65 /* NSString+JSQMessages.m in Sources */,
				295CC0651A5573D10062FA65 /* JSQMessagesViewController.m in Sources */,
				2999F3F81A3C3ECD00147194 /* camera.m in Sources */,
				29271A2D19F284AC009C308B /* JSQSystemSoundPlayer.m in Sources */,
				295CC06A1A5573D10062FA65 /* JSQMessagesTimestampFormatter.m in Sources */,
				292719DD19F284AC009C308B /* AFURLRequestSerialization.m in Sources */,
				295CC05E1A5573D10062FA65 /* JSQSystemSoundPlayer+JSQMessages.m in Sources */,
				292719DC19F284AC009C308B /* AFURLConnectionOperation.m in Sources */,
				2999F3FB1A3C3ECD00147194 /* utilities.m in Sources */,
				292719E219F284AC009C308B /* UIAlertView+AFNetworking.m in Sources */,
				295CC07B1A5573D10062FA65 /* JSQMessagesCollectionViewCellOutgoing.m in Sources */,
				2999F3EE1A3C3ECD00147194 /* MessagesView.m in Sources */,
				292719DB19F284AC009C308B /* AFSecurityPolicy.m in Sources */,
				295CC0711A5573D10062FA65 /* JSQMessage.m in Sources */,
				295CC0601A5573D10062FA65 /* UIColor+JSQMessages.m in Sources */,
				295CC0851A5573D10062FA65 /* JSQMessagesTypingIndicatorFooterView.m in Sources */,
				295CC0611A5573D10062FA65 /* UIDevice+JSQMessages.m in Sources */,
				295CC0681A5573D10062FA65 /* JSQMessagesBubbleImageFactory.m in Sources */,
				2999F3EC1A3C3ECD00147194 /* MessagesCell.m in Sources */,
				292719D719F284AC009C308B /* AFHTTPRequestOperation.m in Sources */,
				292719DF19F284AC009C308B /* AFURLSessionManager.m in Sources */,
				295CC06C1A5573D10062FA65 /* JSQMessagesCollectionViewFlowLayout.m in Sources */,
				292719DE19F284AC009C308B /* AFURLResponseSerialization.m in Sources */,
				2999F3F01A3C3ECD00147194 /* ProfileView.m in Sources */,
				2999F3E71A3C3ECD00147194 /* NavigationController.m in Sources */,
				295CC0621A5573D10062FA65 /* UIImage+JSQMessages.m in Sources */,
				29EB240E19E9292500D7AA97 /* AppDelegate.m in Sources */,
				295CC0781A5573D10062FA65 /* JSQMessagesCollectionViewCell.m in Sources */,
				292719E519F284AC009C308B /* UIProgressView+AFNetworking.m in Sources */,
				295CC0831A5573D10062FA65 /* JSQMessagesToolbarContentView.m in Sources */,
				2999F3F91A3C3ECD00147194 /* messages.m in Sources */,
				292719D919F284AC009C308B /* AFHTTPSessionManager.m in Sources */,
				2999F3EA1A3C3ECD00147194 /* PrivateView.m in Sources */,
				295CC06B1A5573D10062FA65 /* JSQMessagesToolbarButtonFactory.m in Sources */,
				2999F3E81A3C3ECD00147194 /* ChatView.m in Sources */,
				292719E019F284AC009C308B /* AFNetworkActivityIndicatorManager.m in Sources */,
				292719D819F284AC009C308B /* AFHTTPRequestOperationManager.m in Sources */,
				2999F3F41A3C3ECD00147194 /* RegisterView.m in Sources */,
				295CC0751A5573D10062FA65 /* JSQVideoMediaItem.m in Sources */,
				292719E419F284AC009C308B /* UIImageView+AFNetworking.m in Sources */,
				295CC07D1A5573D10062FA65 /* JSQMessagesComposerTextView.m in Sources */,
				2999F3F61A3C3ECD00147194 /* WelcomeView.m in Sources */,
				295CC06F1A5573D10062FA65 /* JSQLocationMediaItem.m in Sources */,
				292719E319F284AC009C308B /* UIButton+AFNetworking.m in Sources */,
				295CC0691A5573D10062FA65 /* JSQMessagesMediaViewBubbleImageMasker.m in Sources */,
				292719E619F284AC009C308B /* UIRefreshControl+AFNetworking.m in Sources */,
				295CC0731A5573D10062FA65 /* JSQMessagesBubbleImage.m in Sources */,
				292719E719F284AC009C308B /* UIWebView+AFNetworking.m in Sources */,
				292719DA19F284AC009C308B /* AFNetworkReachabilityManager.m in Sources */,
				295CC07E1A5573D10062FA65 /* JSQMessagesInputToolbar.m in Sources */,
				2999F3FA1A3C3ECD00147194 /* pushnotification.m in Sources */,
				295CC0721A5573D10062FA65 /* JSQMessagesAvatarImage.m in Sources */,
				295CC0631A5573D10062FA65 /* UIView+JSQMessages.m in Sources */,
				296DD5E91A1F557900AB9F8C /* ProgressHUD.m in Sources */,
				295CC0821A5573D10062FA65 /* JSQMessagesMediaPlaceholderView.m in Sources */,
				295CC06D1A5573D10062FA65 /* JSQMessagesCollectionViewFlowLayoutInvalidationContext.m in Sources */,
				295CC0761A5573D10062FA65 /* JSQMessagesCellTextView.m in Sources */,
				295CC0791A5573D10062FA65 /* JSQMessagesCollectionViewCellIncoming.m in Sources */,
				295CC07F1A5573D10062FA65 /* JSQMessagesLabel.m in Sources */,
				295CC0641A5573D10062FA65 /* JSQMessagesKeyboardController.m in Sources */,
				295CC0771A5573D10062FA65 /* JSQMessagesCollectionView.m in Sources */,
				295CC0801A5573D10062FA65 /* JSQMessagesLoadEarlierHeaderView.m in Sources */,
				295CC0741A5573D10062FA65 /* JSQPhotoMediaItem.m in Sources */,
				2999F3E91A3C3ECD00147194 /* GroupView.m in Sources */,
				2999F3F21A3C3ECD00147194 /* LoginView.m in Sources */,
				29EB240B19E9292500D7AA97 /* main.m in Sources */,
				295CC0671A5573D10062FA65 /* JSQMessagesAvatarImageFactory.m in Sources */,
				292719E119F284AC009C308B /* UIActivityIndicatorView+AFNetworking.m in Sources */,
				295CC0701A5573D10062FA65 /* JSQMediaItem.m in Sources */,
				295CC06E1A5573D10062FA65 /* JSQMessagesCollectionViewLayoutAttributes.m in Sources */,
			);
			runOnlyForDeploymentPostprocessing = 0;
		};
/* End PBXSourcesBuildPhase section */

/* Begin PBXVariantGroup section */
		295CBFF31A5573D10062FA65 /* JSQMessages.strings */ = {
			isa = PBXVariantGroup;
			children = (
				295CBFF41A5573D10062FA65 /* Base */,
				295CBFF51A5573D10062FA65 /* de */,
				295CBFF61A5573D10062FA65 /* en */,
				295CBFF71A5573D10062FA65 /* es */,
				295CBFF81A5573D10062FA65 /* fr */,
				295CBFF91A5573D10062FA65 /* he */,
				295CBFFA1A5573D10062FA65 /* it */,
				295CBFFB1A5573D10062FA65 /* nl */,
				295CBFFC1A5573D10062FA65 /* pl */,
				295CBFFD1A5573D10062FA65 /* pt */,
				295CBFFE1A5573D10062FA65 /* ro */,
				295CBFFF1A5573D10062FA65 /* ru */,
				295CC0001A5573D10062FA65 /* tr */,
				295CC0011A5573D10062FA65 /* zh-Hans */,
				295CC0021A5573D10062FA65 /* zh-Hant */,
			);
			name = JSQMessages.strings;
			sourceTree = "<group>";
		};
		29EB241719E9292500D7AA97 /* LaunchScreen.xib */ = {
			isa = PBXVariantGroup;
			children = (
				29EB241819E9292500D7AA97 /* Base */,
			);
			name = LaunchScreen.xib;
			sourceTree = "<group>";
		};
/* End PBXVariantGroup section */

/* Begin XCBuildConfiguration section */
		29EB242619E9292600D7AA97 /* Debug */ = {
			isa = XCBuildConfiguration;
			buildSettings = {
				ALWAYS_SEARCH_USER_PATHS = NO;
				CLANG_CXX_LANGUAGE_STANDARD = "gnu++0x";
				CLANG_CXX_LIBRARY = "libc++";
				CLANG_ENABLE_MODULES = YES;
				CLANG_ENABLE_OBJC_ARC = YES;
				CLANG_WARN_BOOL_CONVERSION = YES;
				CLANG_WARN_CONSTANT_CONVERSION = YES;
				CLANG_WARN_DIRECT_OBJC_ISA_USAGE = YES_ERROR;
				CLANG_WARN_EMPTY_BODY = YES;
				CLANG_WARN_ENUM_CONVERSION = YES;
				CLANG_WARN_INT_CONVERSION = YES;
				CLANG_WARN_OBJC_ROOT_CLASS = YES_ERROR;
				CLANG_WARN_UNREACHABLE_CODE = YES;
				CLANG_WARN__DUPLICATE_METHOD_MATCH = YES;
				"CODE_SIGN_IDENTITY[sdk=iphoneos*]" = "iPhone Developer";
				COPY_PHASE_STRIP = NO;
				ENABLE_STRICT_OBJC_MSGSEND = YES;
				GCC_C_LANGUAGE_STANDARD = gnu99;
				GCC_DYNAMIC_NO_PIC = NO;
				GCC_OPTIMIZATION_LEVEL = 0;
				GCC_PREPROCESSOR_DEFINITIONS = (
					"DEBUG=1",
					"$(inherited)",
				);
				GCC_SYMBOLS_PRIVATE_EXTERN = NO;
				GCC_WARN_64_TO_32_BIT_CONVERSION = YES;
				GCC_WARN_ABOUT_RETURN_TYPE = YES_ERROR;
				GCC_WARN_UNDECLARED_SELECTOR = YES;
				GCC_WARN_UNINITIALIZED_AUTOS = YES_AGGRESSIVE;
				GCC_WARN_UNUSED_FUNCTION = YES;
				GCC_WARN_UNUSED_VARIABLE = YES;
				IPHONEOS_DEPLOYMENT_TARGET = 8.0;
				MTL_ENABLE_DEBUG_INFO = YES;
				ONLY_ACTIVE_ARCH = YES;
				SDKROOT = iphoneos;
			};
			name = Debug;
		};
		29EB242719E9292600D7AA97 /* Release */ = {
			isa = XCBuildConfiguration;
			buildSettings = {
				ALWAYS_SEARCH_USER_PATHS = NO;
				CLANG_CXX_LANGUAGE_STANDARD = "gnu++0x";
				CLANG_CXX_LIBRARY = "libc++";
				CLANG_ENABLE_MODULES = YES;
				CLANG_ENABLE_OBJC_ARC = YES;
				CLANG_WARN_BOOL_CONVERSION = YES;
				CLANG_WARN_CONSTANT_CONVERSION = YES;
				CLANG_WARN_DIRECT_OBJC_ISA_USAGE = YES_ERROR;
				CLANG_WARN_EMPTY_BODY = YES;
				CLANG_WARN_ENUM_CONVERSION = YES;
				CLANG_WARN_INT_CONVERSION = YES;
				CLANG_WARN_OBJC_ROOT_CLASS = YES_ERROR;
				CLANG_WARN_UNREACHABLE_CODE = YES;
				CLANG_WARN__DUPLICATE_METHOD_MATCH = YES;
				"CODE_SIGN_IDENTITY[sdk=iphoneos*]" = "iPhone Developer";
				COPY_PHASE_STRIP = YES;
				ENABLE_NS_ASSERTIONS = NO;
				ENABLE_STRICT_OBJC_MSGSEND = YES;
				GCC_C_LANGUAGE_STANDARD = gnu99;
				GCC_WARN_64_TO_32_BIT_CONVERSION = YES;
				GCC_WARN_ABOUT_RETURN_TYPE = YES_ERROR;
				GCC_WARN_UNDECLARED_SELECTOR = YES;
				GCC_WARN_UNINITIALIZED_AUTOS = YES_AGGRESSIVE;
				GCC_WARN_UNUSED_FUNCTION = YES;
				GCC_WARN_UNUSED_VARIABLE = YES;
				IPHONEOS_DEPLOYMENT_TARGET = 8.0;
				MTL_ENABLE_DEBUG_INFO = NO;
				SDKROOT = iphoneos;
				VALIDATE_PRODUCT = YES;
			};
			name = Release;
		};
		29EB242919E9292600D7AA97 /* Debug */ = {
			isa = XCBuildConfiguration;
			buildSettings = {
				ASSETCATALOG_COMPILER_APPICON_NAME = AppIcon;
				FRAMEWORK_SEARCH_PATHS = (
					"$(inherited)",
					"$(PROJECT_DIR)/Frameworks",
				);
				INFOPLIST_FILE = app/Info.plist;
				LD_RUNPATH_SEARCH_PATHS = "$(inherited) @executable_path/Frameworks";
				OTHER_LDFLAGS = "-ObjC";
				PRODUCT_NAME = "$(TARGET_NAME)";
			};
			name = Debug;
		};
		29EB242A19E9292600D7AA97 /* Release */ = {
			isa = XCBuildConfiguration;
			buildSettings = {
				ASSETCATALOG_COMPILER_APPICON_NAME = AppIcon;
				FRAMEWORK_SEARCH_PATHS = (
					"$(inherited)",
					"$(PROJECT_DIR)/Frameworks",
				);
				INFOPLIST_FILE = app/Info.plist;
				LD_RUNPATH_SEARCH_PATHS = "$(inherited) @executable_path/Frameworks";
				OTHER_LDFLAGS = "-ObjC";
				PRODUCT_NAME = "$(TARGET_NAME)";
			};
			name = Release;
		};
/* End XCBuildConfiguration section */

/* Begin XCConfigurationList section */
		29EB240019E9292500D7AA97 /* Build configuration list for PBXProject "app" */ = {
			isa = XCConfigurationList;
			buildConfigurations = (
				29EB242619E9292600D7AA97 /* Debug */,
				29EB242719E9292600D7AA97 /* Release */,
			);
			defaultConfigurationIsVisible = 0;
			defaultConfigurationName = Release;
		};
		29EB242819E9292600D7AA97 /* Build configuration list for PBXNativeTarget "app" */ = {
			isa = XCConfigurationList;
			buildConfigurations = (
				29EB242919E9292600D7AA97 /* Debug */,
				29EB242A19E9292600D7AA97 /* Release */,
			);
			defaultConfigurationIsVisible = 0;
			defaultConfigurationName = Release;
		};
/* End XCConfigurationList section */
	};
	rootObject = 29EB23FD19E9292500D7AA97 /* Project object */;
}
